<?xml version="1.0" encoding="utf-8"?>
<Project xmlns="http://schemas.microsoft.com/developer/msbuild/2003">
  <PropertyGroup>
    <ProjectGuid>{d86dca68-0a3e-4f74-80c7-9c61177ada2c}</ProjectGuid>
    <MainSource>Weather.dpr</MainSource>
    <Configuration Condition=" '$(Configuration)' == '' ">Release</Configuration>
    <Platform Condition=" '$(Platform)' == '' ">AnyCPU</Platform>
    <DCC_EnabledPackages>true</DCC_EnabledPackages>
    <DCC_UsePackage>vcl;rtl</DCC_UsePackage>
    <DCC_DCCCompiler>DCC32</DCC_DCCCompiler>
    <DCC_DependencyCheckOutputName>..\..\..\..\SharpE\Objects\Weather.dll</DCC_DependencyCheckOutputName>
  </PropertyGroup>
  <PropertyGroup Condition=" '$(Configuration)|$(Platform)' == 'Release|AnyCPU' ">
    <Version>7.0</Version>
    <DCC_DebugInformation>False</DCC_DebugInformation>
    <DCC_LocalDebugSymbols>False</DCC_LocalDebugSymbols>
    <DCC_SymbolReferenceInfo>0</DCC_SymbolReferenceInfo>
    <DCC_ExeOutput>..\..\..\..\SharpE\Objects</DCC_ExeOutput>
    <DCC_UnitSearchPath>..\..\..\Components\SharpDesk\Units;..\..\..\Components\SharpDesk\Forms\;..\..\..\Common\Delphi Components\SharpEFontSelector;..\..\..\Common\Units\SharpFX;..\..\..\Common\Units\XML;..\..\..\Common\Libraries\SharpThemeApiEx;..\..\..\Common\Units\SharpTypes;..\..\..\Common\Units\SystemFuncs;..\..\..\Common\Units\SharpFileUtils;..\..\..\Common\Units\SharpGraphicsUtils;..\..\..\Common\Units\SharpImageUtils;..\..\..\Common\Units\SharpIconUtils;..\..\..\Common\Libraries\SharpCenterApi;..\..\..\Common\Interfaces;..\..\..\Common\Delphi Components\SharpE Skin Components</DCC_UnitSearchPath>
    <DCC_ResourcePath>..\..\..\Components\SharpDesk\Units;..\..\..\Components\SharpDesk\Forms\;..\..\..\Common\Delphi Components\SharpEFontSelector;..\..\..\Common\Units\SharpFX;..\..\..\Common\Units\XML;..\..\..\Common\Libraries\SharpThemeApiEx;..\..\..\Common\Units\SharpTypes;..\..\..\Common\Units\SystemFuncs;..\..\..\Common\Units\SharpFileUtils;..\..\..\Common\Units\SharpGraphicsUtils;..\..\..\Common\Units\SharpImageUtils;..\..\..\Common\Units\SharpIconUtils;..\..\..\Common\Libraries\SharpCenterApi;..\..\..\Common\Interfaces;..\..\..\Common\Delphi Components\SharpE Skin Components</DCC_ResourcePath>
    <DCC_ObjPath>..\..\..\Components\SharpDesk\Units;..\..\..\Components\SharpDesk\Forms\;..\..\..\Common\Delphi Components\SharpEFontSelector;..\..\..\Common\Units\SharpFX;..\..\..\Common\Units\XML;..\..\..\Common\Libraries\SharpThemeApiEx;..\..\..\Common\Units\SharpTypes;..\..\..\Common\Units\SystemFuncs;..\..\..\Common\Units\SharpFileUtils;..\..\..\Common\Units\SharpGraphicsUtils;..\..\..\Common\Units\SharpImageUtils;..\..\..\Common\Units\SharpIconUtils;..\..\..\Common\Libraries\SharpCenterApi;..\..\..\Common\Interfaces;..\..\..\Common\Delphi Components\SharpE Skin Components</DCC_ObjPath>
    <DCC_IncludePath>..\..\..\Components\SharpDesk\Units;..\..\..\Components\SharpDesk\Forms\;..\..\..\Common\Delphi Components\SharpEFontSelector;..\..\..\Common\Units\SharpFX;..\..\..\Common\Units\XML;..\..\..\Common\Libraries\SharpThemeApiEx;..\..\..\Common\Units\SharpTypes;..\..\..\Common\Units\SystemFuncs;..\..\..\Common\Units\SharpFileUtils;..\..\..\Common\Units\SharpGraphicsUtils;..\..\..\Common\Units\SharpImageUtils;..\..\..\Common\Units\SharpIconUtils;..\..\..\Common\Libraries\SharpCenterApi;..\..\..\Common\Interfaces;..\..\..\Common\Delphi Components\SharpE Skin Components</DCC_IncludePath>
    <DCC_Define>RELEASE</DCC_Define>
  </PropertyGroup>
  <PropertyGroup Condition=" '$(Configuration)|$(Platform)' == 'Debug|AnyCPU' ">
    <Version>7.0</Version>
    <DCC_ExeOutput>..\..\..\..\SharpE\Objects</DCC_ExeOutput>
    <DCC_UnitSearchPath>..\..\..\Components\SharpDesk\Units;..\..\..\Components\SharpDesk\Forms\;..\..\..\Common\Delphi Components\SharpEFontSelector;..\..\..\Common\Units\SharpFX;..\..\..\Common\Units\XML;..\..\..\Common\Libraries\SharpThemeApiEx;..\..\..\Common\Units\SharpTypes;..\..\..\Common\Units\SystemFuncs;..\..\..\Common\Units\SharpFileUtils;..\..\..\Common\Units\SharpGraphicsUtils;..\..\..\Common\Units\SharpImageUtils;..\..\..\Common\Units\SharpIconUtils;..\..\..\Common\Libraries\SharpCenterApi;..\..\..\Common\Interfaces;..\..\..\Common\Delphi Components\SharpE Skin Components</DCC_UnitSearchPath>
    <DCC_ResourcePath>..\..\..\Components\SharpDesk\Units;..\..\..\Components\SharpDesk\Forms\;..\..\..\Common\Delphi Components\SharpEFontSelector;..\..\..\Common\Units\SharpFX;..\..\..\Common\Units\XML;..\..\..\Common\Libraries\SharpThemeApiEx;..\..\..\Common\Units\SharpTypes;..\..\..\Common\Units\SystemFuncs;..\..\..\Common\Units\SharpFileUtils;..\..\..\Common\Units\SharpGraphicsUtils;..\..\..\Common\Units\SharpImageUtils;..\..\..\Common\Units\SharpIconUtils;..\..\..\Common\Libraries\SharpCenterApi;..\..\..\Common\Interfaces;..\..\..\Common\Delphi Components\SharpE Skin Components</DCC_ResourcePath>
    <DCC_ObjPath>..\..\..\Components\SharpDesk\Units;..\..\..\Components\SharpDesk\Forms\;..\..\..\Common\Delphi Components\SharpEFontSelector;..\..\..\Common\Units\SharpFX;..\..\..\Common\Units\XML;..\..\..\Common\Libraries\SharpThemeApiEx;..\..\..\Common\Units\SharpTypes;..\..\..\Common\Units\SystemFuncs;..\..\..\Common\Units\SharpFileUtils;..\..\..\Common\Units\SharpGraphicsUtils;..\..\..\Common\Units\SharpImageUtils;..\..\..\Common\Units\SharpIconUtils;..\..\..\Common\Libraries\SharpCenterApi;..\..\..\Common\Interfaces;..\..\..\Common\Delphi Components\SharpE Skin Components</DCC_ObjPath>
    <DCC_IncludePath>..\..\..\Components\SharpDesk\Units;..\..\..\Components\SharpDesk\Forms\;..\..\..\Common\Delphi Components\SharpEFontSelector;..\..\..\Common\Units\SharpFX;..\..\..\Common\Units\XML;..\..\..\Common\Libraries\SharpThemeApiEx;..\..\..\Common\Units\SharpTypes;..\..\..\Common\Units\SystemFuncs;..\..\..\Common\Units\SharpFileUtils;..\..\..\Common\Units\SharpGraphicsUtils;..\..\..\Common\Units\SharpImageUtils;..\..\..\Common\Units\SharpIconUtils;..\..\..\Common\Libraries\SharpCenterApi;..\..\..\Common\Interfaces;..\..\..\Common\Delphi Components\SharpE Skin Components</DCC_IncludePath>
    <DCC_Define>DEBUG</DCC_Define>
  </PropertyGroup>
  <ProjectExtensions>
    <Borland.Personality>Delphi.Personality</Borland.Personality>
    <Borland.ProjectType />
    <BorlandProject>
<BorlandProject><Delphi.Personality><Parameters><Parameters Name="HostApplication">..\..\..\..\SharpE\SharpDesk.exe</Parameters><Parameters Name="UseLauncher">False</Parameters><Parameters Name="LoadAllSymbols">True</Parameters><Parameters Name="LoadUnspecifiedSymbols">False</Parameters></Parameters><VersionInfo><VersionInfo Name="IncludeVerInfo">True</VersionInfo><VersionInfo Name="AutoIncBuild">False</VersionInfo><VersionInfo Name="MajorVer">0</VersionInfo><VersionInfo Name="MinorVer">8</VersionInfo><VersionInfo Name="Release">0</VersionInfo><VersionInfo Name="Build">0</VersionInfo><VersionInfo Name="Debug">False</VersionInfo><VersionInfo Name="PreRelease">False</VersionInfo><VersionInfo Name="Special">False</VersionInfo><VersionInfo Name="Private">False</VersionInfo><VersionInfo Name="DLL">True</VersionInfo><VersionInfo Name="Locale">2057</VersionInfo><VersionInfo Name="CodePage">1252</VersionInfo></VersionInfo><VersionInfoKeys><VersionInfoKeys Name="CompanyName">SharpE Development Team</VersionInfoKeys><VersionInfoKeys Name="FileDescription">Display Weather informations</VersionInfoKeys><VersionInfoKeys Name="FileVersion">0.8.0.0</VersionInfoKeys><VersionInfoKeys Name="InternalName"></VersionInfoKeys><VersionInfoKeys Name="LegalCopyright">SharpE Development Team</VersionInfoKeys><VersionInfoKeys Name="LegalTrademarks"></VersionInfoKeys><VersionInfoKeys Name="OriginalFilename">weather.dll</VersionInfoKeys><VersionInfoKeys Name="ProductName">Weather Object</VersionInfoKeys><VersionInfoKeys Name="ProductVersion">0.8.0.0</VersionInfoKeys><VersionInfoKeys Name="Author">Billi Berserker</VersionInfoKeys></VersionInfoKeys><Source><Source Name="MainSource">Weather.dpr</Source></Source><Excluded_Packages>
      
      
      
      
      
      
      <Excluded_Packages Name="$(BDS)\bin\dcloffice2k100.bpl">Microsoft Office 2000 Beispiele für gekapselte Komponenten für Automation Server</Excluded_Packages>
      <Excluded_Packages Name="$(BDS)\bin\dclofficexp100.bpl">Microsoft Office XP Beispiele für gekapselte Komponenten für Automation Server</Excluded_Packages>
    </Excluded_Packages></Delphi.Personality></BorlandProject></BorlandProject>
  </ProjectExtensions>
  <Import Project="$(MSBuildBinPath)\Borland.Delphi.Targets" />
  <ItemGroup>
    <DelphiCompile Include="Weather.dpr">
      <MainSource>MainSource</MainSource>
    </DelphiCompile>
    <DCCReference Include="..\..\..\Common\3rd party\GR32 Addons\GR32_PNG.pas" />
    <DCCReference Include="..\..\..\Common\3rd party\HTTPGet\HTTPGet.pas" />
    <DCCReference Include="..\..\..\Common\Delphi Components\SharpEColorBox\uSharpeColorBox.pas" />
    <DCCReference Include="..\..\..\Common\Delphi Components\SharpEFontSelector\uSharpEFontSelector.pas" />
    <DCCReference Include="..\..\..\Common\Libraries\SharpAPI\SharpAPI.pas" />
    <DCCReference Include="..\..\..\Common\Libraries\SharpDeskApi\SharpDeskApi.pas" />
    <DCCReference Include="..\..\..\Common\Units\SharpFX\SharpFX.pas" />
    <DCCReference Include="..\..\Services\Weather\uWeatherOptions.pas" />
    <DCCReference Include="..\..\SharpDesk\Units\uSharpDeskDesktopPanel.pas" />
    <DCCReference Include="..\..\SharpDesk\Units\uSharpDeskDesktopPanelList.pas" />
    <DCCReference Include="uWeatherParser.pas" />
    <DCCReference Include="WeatherObjectLayer.pas" />
    <DCCReference Include="WeatherObjectXMLSettings.pas" />
  </ItemGroup>
</Project>