<Project xmlns="http://schemas.microsoft.com/developer/msbuild/2003">
  <PropertyGroup>
    <ProjectGuid>{71d902ee-43e2-4714-85dc-daf63b14a582}</ProjectGuid>
    <MainSource>SharpAPIEx.dpr</MainSource>
    <Configuration Condition=" '$(Configuration)' == '' ">Debug</Configuration>
    <Platform Condition=" '$(Platform)' == '' ">AnyCPU</Platform>
    <DCC_DCCCompiler>DCC32</DCC_DCCCompiler>
    <DCC_DependencyCheckOutputName>..\..\..\..\SharpE\SharpAPIEx.dll</DCC_DependencyCheckOutputName>
    <DCC_UsePackage>vcl;rtl</DCC_UsePackage>
  </PropertyGroup>
  <PropertyGroup Condition=" '$(Configuration)|$(Platform)' == 'Release|AnyCPU' ">
    <Version>7.0</Version>
    <DCC_DebugInformation>False</DCC_DebugInformation>
    <DCC_LocalDebugSymbols>False</DCC_LocalDebugSymbols>
    <DCC_SymbolReferenceInfo>0</DCC_SymbolReferenceInfo>
    <DCC_ExeOutput>..\..\..\..\SharpE\</DCC_ExeOutput>
    <DCC_UnitSearchPath>..\SharpAPI;..\..\Units\DebugDialog</DCC_UnitSearchPath>
    <DCC_ResourcePath>..\SharpAPI;..\..\Units\DebugDialog</DCC_ResourcePath>
    <DCC_ObjPath>..\SharpAPI;..\..\Units\DebugDialog</DCC_ObjPath>
    <DCC_IncludePath>..\SharpAPI;..\..\Units\DebugDialog</DCC_IncludePath>
    <DCC_Define>RELEASE</DCC_Define>
  </PropertyGroup>
  <PropertyGroup Condition=" '$(Configuration)|$(Platform)' == 'Debug|AnyCPU' ">
    <Version>7.0</Version>
    <DCC_ExeOutput>..\..\..\..\SharpE\</DCC_ExeOutput>
    <DCC_UnitSearchPath>..\SharpAPI;..\..\Units\DebugDialog</DCC_UnitSearchPath>
    <DCC_ResourcePath>..\SharpAPI;..\..\Units\DebugDialog</DCC_ResourcePath>
    <DCC_ObjPath>..\SharpAPI;..\..\Units\DebugDialog</DCC_ObjPath>
    <DCC_IncludePath>..\SharpAPI;..\..\Units\DebugDialog</DCC_IncludePath>
    <DCC_Define>DEBUG</DCC_Define>
    <DCC_MapFile>3</DCC_MapFile>
  </PropertyGroup>
  <ProjectExtensions>
    <Borland.Personality>Delphi.Personality</Borland.Personality>
    <Borland.ProjectType>VCLApplication</Borland.ProjectType>
    <BorlandProject>
<BorlandProject><Delphi.Personality><Parameters><Parameters Name="UseLauncher">False</Parameters><Parameters Name="LoadAllSymbols">True</Parameters><Parameters Name="LoadUnspecifiedSymbols">False</Parameters></Parameters><VersionInfo><VersionInfo Name="IncludeVerInfo">True</VersionInfo><VersionInfo Name="AutoIncBuild">False</VersionInfo><VersionInfo Name="MajorVer">0</VersionInfo><VersionInfo Name="MinorVer">7</VersionInfo><VersionInfo Name="Release">0</VersionInfo><VersionInfo Name="Build">0</VersionInfo><VersionInfo Name="Debug">False</VersionInfo><VersionInfo Name="PreRelease">False</VersionInfo><VersionInfo Name="Special">False</VersionInfo><VersionInfo Name="Private">False</VersionInfo><VersionInfo Name="DLL">False</VersionInfo><VersionInfo Name="Locale">1031</VersionInfo><VersionInfo Name="CodePage">1252</VersionInfo></VersionInfo><VersionInfoKeys><VersionInfoKeys Name="CompanyName"></VersionInfoKeys><VersionInfoKeys Name="FileDescription">SharpAPI</VersionInfoKeys><VersionInfoKeys Name="FileVersion">0.7.0.0</VersionInfoKeys><VersionInfoKeys Name="InternalName">SharpAPI</VersionInfoKeys><VersionInfoKeys Name="LegalCopyright">SharpE Development Team</VersionInfoKeys><VersionInfoKeys Name="LegalTrademarks"></VersionInfoKeys><VersionInfoKeys Name="OriginalFilename">SharpAPI.dll</VersionInfoKeys><VersionInfoKeys Name="ProductName"></VersionInfoKeys><VersionInfoKeys Name="ProductVersion">0.7.0.0</VersionInfoKeys><VersionInfoKeys Name="Author">Malx@techie.com</VersionInfoKeys><VersionInfoKeys Name="Comments"></VersionInfoKeys></VersionInfoKeys><Excluded_Packages /><Source><Source Name="MainSource">SharpAPIEx.dpr</Source></Source></Delphi.Personality></BorlandProject></BorlandProject>
  </ProjectExtensions>
  <Import Project="$(MSBuildBinPath)\Borland.Delphi.Targets" />
  <ItemGroup>
    <DelphiCompile Include="SharpAPIEx.dpr">
      <MainSource>MainSource</MainSource>
    </DelphiCompile>
    <DCCReference Include="..\..\..\Plugins\Services\Exec\uExecServiceRecentItemList.pas" />
    <DCCReference Include="..\..\..\Plugins\Services\Exec\uExecServiceUsedItemList.pas" />
    <DCCReference Include="..\..\Units\SimpleUnits\SimpleForms.pas" />
  </ItemGroup>
  <PropertyGroup>
    <PostBuildEvent>if $(Configuration)==Debug "..\..\..\Common\3rd party\Jedi\MakeJclDbg.exe" -E "$(OUTPUTDIR)$(OUTPUTNAME).map"
if $(Configuration)==Debug del "$(OUTPUTDIR)$(OUTPUTNAME).map"</PostBuildEvent>
  </PropertyGroup>
</Project>