<Project xmlns="http://schemas.microsoft.com/developer/msbuild/2003">
  <PropertyGroup>
    <ProjectGuid>{838c10e2-49d9-46ec-90c6-1d763290973c}</ProjectGuid>
    <MainSource>SharpeGaugeBox.dpr</MainSource>
    <Configuration Condition=" '$(Configuration)' == '' ">Debug</Configuration>
    <Platform Condition=" '$(Platform)' == '' ">AnyCPU</Platform>
    <DCC_DCCCompiler>DCC32</DCC_DCCCompiler>
    <DCC_DependencyCheckOutputName>SharpeGaugeBox.exe</DCC_DependencyCheckOutputName>
  </PropertyGroup>
  <PropertyGroup Condition=" '$(Configuration)|$(Platform)' == 'Release|AnyCPU' ">
    <Version>7.0</Version>
    <DCC_DebugInformation>False</DCC_DebugInformation>
    <DCC_LocalDebugSymbols>False</DCC_LocalDebugSymbols>
    <DCC_IntegerOverflowCheck>True</DCC_IntegerOverflowCheck>
    <DCC_RangeChecking>True</DCC_RangeChecking>
    <DCC_SymbolReferenceInfo>0</DCC_SymbolReferenceInfo>
    <DCC_UnitSearchPath>..\..\..\Common\Units\SCHotkeyManager\;..\..\..\Common\Units\SEListboxPainter\;..\..\..\Common\Libraries\SharpThemeApi;..\..\..\Common\3rd party\GR32 Addons;..\..\..\Common\Libraries\SharpApi;..\..\..\Common\Units\SharpFX;..\..\..\Common\3rd party\TransparentEdit;..\..\..\Common\Delphi Components\SCHotkeyEdit;..\..\..\Common\Delphi Components\SharpE Skin Components;C:\Development\SVN\Common\Delphi Components\SharpEFontSelector;C:\Development\SVN\Common\Delphi Components\SharpEColorBox</DCC_UnitSearchPath>
    <DCC_ResourcePath>..\..\..\Common\Units\SCHotkeyManager\;..\..\..\Common\Units\SEListboxPainter\;..\..\..\Common\Libraries\SharpThemeApi;..\..\..\Common\3rd party\GR32 Addons;..\..\..\Common\Libraries\SharpApi;..\..\..\Common\Units\SharpFX;..\..\..\Common\3rd party\TransparentEdit;..\..\..\Common\Delphi Components\SCHotkeyEdit;..\..\..\Common\Delphi Components\SharpE Skin Components;C:\Development\SVN\Common\Delphi Components\SharpEFontSelector;C:\Development\SVN\Common\Delphi Components\SharpEColorBox</DCC_ResourcePath>
    <DCC_ObjPath>..\..\..\Common\Units\SCHotkeyManager\;..\..\..\Common\Units\SEListboxPainter\;..\..\..\Common\Libraries\SharpThemeApi;..\..\..\Common\3rd party\GR32 Addons;..\..\..\Common\Libraries\SharpApi;..\..\..\Common\Units\SharpFX;..\..\..\Common\3rd party\TransparentEdit;..\..\..\Common\Delphi Components\SCHotkeyEdit;..\..\..\Common\Delphi Components\SharpE Skin Components;C:\Development\SVN\Common\Delphi Components\SharpEFontSelector;C:\Development\SVN\Common\Delphi Components\SharpEColorBox</DCC_ObjPath>
    <DCC_IncludePath>..\..\..\Common\Units\SCHotkeyManager\;..\..\..\Common\Units\SEListboxPainter\;..\..\..\Common\Libraries\SharpThemeApi;..\..\..\Common\3rd party\GR32 Addons;..\..\..\Common\Libraries\SharpApi;..\..\..\Common\Units\SharpFX;..\..\..\Common\3rd party\TransparentEdit;..\..\..\Common\Delphi Components\SCHotkeyEdit;..\..\..\Common\Delphi Components\SharpE Skin Components;C:\Development\SVN\Common\Delphi Components\SharpEFontSelector;C:\Development\SVN\Common\Delphi Components\SharpEColorBox</DCC_IncludePath>
    <DCC_Define>RELEASE</DCC_Define>
  </PropertyGroup>
  <PropertyGroup Condition=" '$(Configuration)|$(Platform)' == 'Debug|AnyCPU' ">
    <Version>7.0</Version>
    <DCC_IntegerOverflowCheck>True</DCC_IntegerOverflowCheck>
    <DCC_RangeChecking>True</DCC_RangeChecking>
    <DCC_UnitSearchPath>..\..\..\Common\3rd party\GR32 Addons;..\..\..\Common\3rd party\TransparentEdit;..\..\..\Common\Delphi Components\SharpE Skin Components;..\..\..\Common\Libraries\SharpThemeApiEx;..\..\..\Common\Libraries\SharpApi;..\..\..\Common\Units\SCHotkeyManager\;..\..\..\Common\Units\SharpFX;..\..\..\Common\Units\SharpGraphicsUtils;..\..\..\Common\Units\VistaFuncs</DCC_UnitSearchPath>
    <DCC_ResourcePath>..\..\..\Common\3rd party\GR32 Addons;..\..\..\Common\3rd party\TransparentEdit;..\..\..\Common\Delphi Components\SharpE Skin Components;..\..\..\Common\Libraries\SharpThemeApiEx;..\..\..\Common\Libraries\SharpApi;..\..\..\Common\Units\SCHotkeyManager\;..\..\..\Common\Units\SharpFX;..\..\..\Common\Units\SharpGraphicsUtils;..\..\..\Common\Units\VistaFuncs</DCC_ResourcePath>
    <DCC_ObjPath>..\..\..\Common\3rd party\GR32 Addons;..\..\..\Common\3rd party\TransparentEdit;..\..\..\Common\Delphi Components\SharpE Skin Components;..\..\..\Common\Libraries\SharpThemeApiEx;..\..\..\Common\Libraries\SharpApi;..\..\..\Common\Units\SCHotkeyManager\;..\..\..\Common\Units\SharpFX;..\..\..\Common\Units\SharpGraphicsUtils;..\..\..\Common\Units\VistaFuncs</DCC_ObjPath>
    <DCC_IncludePath>..\..\..\Common\3rd party\GR32 Addons;..\..\..\Common\3rd party\TransparentEdit;..\..\..\Common\Delphi Components\SharpE Skin Components;..\..\..\Common\Libraries\SharpThemeApiEx;..\..\..\Common\Libraries\SharpApi;..\..\..\Common\Units\SCHotkeyManager\;..\..\..\Common\Units\SharpFX;..\..\..\Common\Units\SharpGraphicsUtils;..\..\..\Common\Units\VistaFuncs</DCC_IncludePath>
    <DCC_Define>DEBUG</DCC_Define>
  </PropertyGroup>
  <ProjectExtensions>
    <Borland.Personality>Delphi.Personality</Borland.Personality>
    <Borland.ProjectType />
    <BorlandProject>
<BorlandProject xmlns=""> <Delphi.Personality>   <Parameters>
      <Parameters Name="UseLauncher">False</Parameters>
      <Parameters Name="LoadAllSymbols">True</Parameters>
      <Parameters Name="LoadUnspecifiedSymbols">False</Parameters>
    </Parameters>
    <VersionInfo>
      <VersionInfo Name="IncludeVerInfo">False</VersionInfo>
      <VersionInfo Name="AutoIncBuild">False</VersionInfo>
      <VersionInfo Name="MajorVer">1</VersionInfo>
      <VersionInfo Name="MinorVer">0</VersionInfo>
      <VersionInfo Name="Release">0</VersionInfo>
      <VersionInfo Name="Build">0</VersionInfo>
      <VersionInfo Name="Debug">False</VersionInfo>
      <VersionInfo Name="PreRelease">False</VersionInfo>
      <VersionInfo Name="Special">False</VersionInfo>
      <VersionInfo Name="Private">False</VersionInfo>
      <VersionInfo Name="DLL">False</VersionInfo>
      <VersionInfo Name="Locale">2057</VersionInfo>
      <VersionInfo Name="CodePage">1252</VersionInfo>
    </VersionInfo>
    <VersionInfoKeys>
      <VersionInfoKeys Name="FileVersion">1.0.0.0</VersionInfoKeys>
      <VersionInfoKeys Name="ProductVersion">1.0.0.0</VersionInfoKeys>
    </VersionInfoKeys>
    <Excluded_Packages>
      
      
      
      
      
      
      
      
      <Excluded_Packages Name="C:\Users\Lee Green\Documents\Borland Studio Projects\Bpl\PngComponentsD9.bpl">Png components</Excluded_Packages>
    </Excluded_Packages>
    <Source>
      <Source Name="MainSource">SharpeGaugeBox.dpr</Source>
    </Source>
  </Delphi.Personality> </BorlandProject></BorlandProject>
  </ProjectExtensions>
  <Import Project="$(MSBuildBinPath)\Borland.Delphi.Targets" />
  <ItemGroup>
    <DelphiCompile Include="SharpeGaugeBox.dpr">
      <MainSource>MainSource</MainSource>
    </DelphiCompile>
    <DCCReference Include="SharpEGaugeBoxEdit.pas" />
    <DCCReference Include="SharpeGaugeBoxWnd.pas">
      <Form>FrmSharpeGaugeBox</Form>
    </DCCReference>
    <DCCReference Include="uSharpeGaugeBoxTest.pas">
      <Form>Form1</Form>
    </DCCReference>
  </ItemGroup>
</Project>