<?xml version="1.0" encoding="utf-8"?>
<Project xmlns="http://schemas.microsoft.com/developer/msbuild/2003">
  <PropertyGroup>
    <ProjectGuid>{95fc47df-8d83-4363-bb4f-78f1ffdea869}</ProjectGuid>
    <MainSource>TaskModule.dpr</MainSource>
    <Configuration Condition=" '$(Configuration)' == '' ">Debug</Configuration>
    <Platform Condition=" '$(Platform)' == '' ">AnyCPU</Platform>
    <DCC_EnabledPackages>true</DCC_EnabledPackages>
    <DCC_UsePackage>rtl;vcl</DCC_UsePackage>
    <DCC_DCCCompiler>DCC32</DCC_DCCCompiler>
    <DCC_DependencyCheckOutputName>..\..\..\..\SharpE\Center\Root\_Modules\_Moduledlls\TaskModule.dll</DCC_DependencyCheckOutputName>
  </PropertyGroup>
  <PropertyGroup Condition=" '$(Configuration)|$(Platform)' == 'Release|AnyCPU' ">
    <Version>7.0</Version>
    <DCC_SymbolReferenceInfo>2</DCC_SymbolReferenceInfo>
    <DCC_ExeOutput>..\..\..\..\SharpE\Center\Root\_Components\_Componentdlls\</DCC_ExeOutput>
    <DCC_UnitSearchPath>..\..\..\Common\Units\SCHotkeyManager\;..\..\..\Common\Units\SEListboxPainter\;..\..\..\Common\Libraries\SharpThemeApi;..\..\..\Common\3rd party\GR32 Addons;..\..\..\Common\Libraries\SharpApi;..\..\..\Common\Units\SharpFX;..\..\..\Common\3rd party\TransparentEdit;..\..\..\Common\Delphi Components\SharpE Skin Components;..\..\..\Common\Delphi Components\SharpeListBoxEx;..\..\..\Common\Units\VistaFuncs;..\..\..\Common\Libraries\SharpCenterApi;..\..\..\Common\Units\SharpFileUtils</DCC_UnitSearchPath>
    <DCC_ResourcePath>..\..\..\Common\Units\SCHotkeyManager\;..\..\..\Common\Units\SEListboxPainter\;..\..\..\Common\Libraries\SharpThemeApi;..\..\..\Common\3rd party\GR32 Addons;..\..\..\Common\Libraries\SharpApi;..\..\..\Common\Units\SharpFX;..\..\..\Common\3rd party\TransparentEdit;..\..\..\Common\Delphi Components\SharpE Skin Components;..\..\..\Common\Delphi Components\SharpeListBoxEx;..\..\..\Common\Units\VistaFuncs;..\..\..\Common\Libraries\SharpCenterApi;..\..\..\Common\Units\SharpFileUtils</DCC_ResourcePath>
    <DCC_ObjPath>..\..\..\Common\Units\SCHotkeyManager\;..\..\..\Common\Units\SEListboxPainter\;..\..\..\Common\Libraries\SharpThemeApi;..\..\..\Common\3rd party\GR32 Addons;..\..\..\Common\Libraries\SharpApi;..\..\..\Common\Units\SharpFX;..\..\..\Common\3rd party\TransparentEdit;..\..\..\Common\Delphi Components\SharpE Skin Components;..\..\..\Common\Delphi Components\SharpeListBoxEx;..\..\..\Common\Units\VistaFuncs;..\..\..\Common\Libraries\SharpCenterApi;..\..\..\Common\Units\SharpFileUtils</DCC_ObjPath>
    <DCC_IncludePath>..\..\..\Common\Units\SCHotkeyManager\;..\..\..\Common\Units\SEListboxPainter\;..\..\..\Common\Libraries\SharpThemeApi;..\..\..\Common\3rd party\GR32 Addons;..\..\..\Common\Libraries\SharpApi;..\..\..\Common\Units\SharpFX;..\..\..\Common\3rd party\TransparentEdit;..\..\..\Common\Delphi Components\SharpE Skin Components;..\..\..\Common\Delphi Components\SharpeListBoxEx;..\..\..\Common\Units\VistaFuncs;..\..\..\Common\Libraries\SharpCenterApi;..\..\..\Common\Units\SharpFileUtils</DCC_IncludePath>
    <DCC_Define>RELEASE</DCC_Define>
  </PropertyGroup>
  <PropertyGroup Condition=" '$(Configuration)|$(Platform)' == 'Debug|AnyCPU' ">
    <Version>7.0</Version>
    <DCC_ExeOutput>..\..\..\..\SharpE\Center\Root\_Modules\_Moduledlls\</DCC_ExeOutput>
    <DCC_UnitSearchPath>..\..\..\Common\Libraries\SharpThemeApi;..\..\..\Common\Libraries\SharpApi;..\..\..\Common\Libraries\SharpCenterApi;..\..\..\Common\Units\SharpFX;..\..\..\Common\Units\SharpFileUtils;..\..\..\Common\Units\VistaFuncs;..\..\..\Common\Delphi Components\SharpE Skin Components;..\..\..\Common\Delphi Components\SharpeListBoxEx;..\..\..\Common\Units\TaskFilterList;..\..\..\Common\Units\SharpGraphicsUtils;..\..\..\Common\Units\SharpTypes</DCC_UnitSearchPath>
    <DCC_ResourcePath>..\..\..\Common\Libraries\SharpThemeApi;..\..\..\Common\Libraries\SharpApi;..\..\..\Common\Libraries\SharpCenterApi;..\..\..\Common\Units\SharpFX;..\..\..\Common\Units\SharpFileUtils;..\..\..\Common\Units\VistaFuncs;..\..\..\Common\Delphi Components\SharpE Skin Components;..\..\..\Common\Delphi Components\SharpeListBoxEx;..\..\..\Common\Units\TaskFilterList;..\..\..\Common\Units\SharpGraphicsUtils;..\..\..\Common\Units\SharpTypes</DCC_ResourcePath>
    <DCC_ObjPath>..\..\..\Common\Libraries\SharpThemeApi;..\..\..\Common\Libraries\SharpApi;..\..\..\Common\Libraries\SharpCenterApi;..\..\..\Common\Units\SharpFX;..\..\..\Common\Units\SharpFileUtils;..\..\..\Common\Units\VistaFuncs;..\..\..\Common\Delphi Components\SharpE Skin Components;..\..\..\Common\Delphi Components\SharpeListBoxEx;..\..\..\Common\Units\TaskFilterList;..\..\..\Common\Units\SharpGraphicsUtils;..\..\..\Common\Units\SharpTypes</DCC_ObjPath>
    <DCC_IncludePath>..\..\..\Common\Libraries\SharpThemeApi;..\..\..\Common\Libraries\SharpApi;..\..\..\Common\Libraries\SharpCenterApi;..\..\..\Common\Units\SharpFX;..\..\..\Common\Units\SharpFileUtils;..\..\..\Common\Units\VistaFuncs;..\..\..\Common\Delphi Components\SharpE Skin Components;..\..\..\Common\Delphi Components\SharpeListBoxEx;..\..\..\Common\Units\TaskFilterList;..\..\..\Common\Units\SharpGraphicsUtils;..\..\..\Common\Units\SharpTypes</DCC_IncludePath>
    <DCC_Define>DEBUG</DCC_Define>
  </PropertyGroup>
  <ProjectExtensions>
    <Borland.Personality>Delphi.Personality</Borland.Personality>
    <Borland.ProjectType />
    <BorlandProject>
<BorlandProject><Delphi.Personality><Parameters><Parameters Name="HostApplication">..\..\..\..\SharpE\SharpCenter.exe</Parameters><Parameters Name="DebugSourceDirs">E:\SVN\Components\SharpCenter\</Parameters><Parameters Name="UseLauncher">False</Parameters><Parameters Name="LoadAllSymbols">True</Parameters><Parameters Name="LoadUnspecifiedSymbols">False</Parameters></Parameters><VersionInfo><VersionInfo Name="IncludeVerInfo">False</VersionInfo><VersionInfo Name="AutoIncBuild">False</VersionInfo><VersionInfo Name="MajorVer">1</VersionInfo><VersionInfo Name="MinorVer">0</VersionInfo><VersionInfo Name="Release">0</VersionInfo><VersionInfo Name="Build">0</VersionInfo><VersionInfo Name="Debug">False</VersionInfo><VersionInfo Name="PreRelease">False</VersionInfo><VersionInfo Name="Special">False</VersionInfo><VersionInfo Name="Private">False</VersionInfo><VersionInfo Name="DLL">False</VersionInfo><VersionInfo Name="Locale">2057</VersionInfo><VersionInfo Name="CodePage">1252</VersionInfo></VersionInfo><VersionInfoKeys><VersionInfoKeys Name="FileVersion">1.0.0.0</VersionInfoKeys><VersionInfoKeys Name="ProductVersion">1.0.0.0</VersionInfoKeys></VersionInfoKeys><Source><Source Name="MainSource">TaskModule.dpr</Source></Source></Delphi.Personality></BorlandProject></BorlandProject>
  </ProjectExtensions>
  <Import Project="$(MSBuildBinPath)\Borland.Delphi.Targets" />
  <ItemGroup>
    <DelphiCompile Include="TaskModule.dpr">
      <MainSource>MainSource</MainSource>
    </DelphiCompile>
    <DCCReference Include="..\..\..\Common\3rd party\GR32 Addons\GR32_PNG.pas" />
    <DCCReference Include="..\..\..\Common\Libraries\SharpAPI\SharpAPI.pas" />
    <DCCReference Include="..\..\..\Common\Libraries\SharpCenterApi\SharpCenterAPI.pas" />
    <DCCReference Include="..\..\..\Common\Units\SEListboxPainter\uSEListboxPainter.pas" />
    <DCCReference Include="..\..\..\Common\Units\SharpCenterSupporting\uSharpCenterCommon.pas" />
    <DCCReference Include="..\..\..\Common\Units\SharpCenterSupporting\uSharpCenterPluginTabList.pas" />
    <DCCReference Include="..\..\..\Common\Units\SharpFX\graphicsFX.pas" />
    <DCCReference Include="..\..\..\Common\Units\SharpFX\SharpFX.pas" />
    <DCCReference Include="..\..\..\Common\Units\SharpIconUtils\SharpIconUtils.pas" />
    <DCCReference Include="..\..\..\Components\SharpBar\uSharpBarAPI.pas" />
    <DCCReference Include="uEditWnd.pas">
      <Form>frmEdit</Form>
    </DCCReference>
  </ItemGroup>
</Project>