<?xml version="1.0" encoding="utf-8"?>
<Project xmlns="http://schemas.microsoft.com/developer/msbuild/2003">
  <PropertyGroup>
    <ProjectGuid>{43f52535-79f6-417c-83a4-413dc08d94eb}</ProjectGuid>
    <MainSource>SharpEComponents.dpk</MainSource>
    <Configuration Condition=" '$(Configuration)' == '' ">Debug</Configuration>
    <Platform Condition=" '$(Platform)' == '' ">AnyCPU</Platform>
    <DCC_DCCCompiler>DCC32</DCC_DCCCompiler>
    <DCC_DependencyCheckOutputName>C:\Users\Public\Documents\RAD Studio\5.0\Bpl\SharpEComponents.bpl</DCC_DependencyCheckOutputName>
  </PropertyGroup>
  <PropertyGroup Condition=" '$(Configuration)|$(Platform)' == 'Release|AnyCPU' ">
    <Version>7.0</Version>
    <DCC_DebugInformation>False</DCC_DebugInformation>
    <DCC_LocalDebugSymbols>False</DCC_LocalDebugSymbols>
    <DCC_SymbolReferenceInfo>0</DCC_SymbolReferenceInfo>
    <DCC_UnitSearchPath>..\..\Libraries\SharpAPI;..\..\Libraries\SharpThemeAPIEx;..\..\3rd party\GR32 Addons;..\..\3rd party\TransparentEdit;..\..\..\Common\Delphi Components\SharpE Skin Components;..\..\..\Common\Units\SCHotkeyManager;..\..\..\Common\Units\VistaFuncs;..\..\..\Common\Units\SharpFX;..\..\..\Common\Units\SharpGraphicsUtils</DCC_UnitSearchPath>
    <DCC_ResourcePath>..\..\Libraries\SharpAPI;..\..\Libraries\SharpThemeAPIEx;..\..\3rd party\GR32 Addons;..\..\3rd party\TransparentEdit;..\..\..\Common\Delphi Components\SharpE Skin Components;..\..\..\Common\Units\SCHotkeyManager;..\..\..\Common\Units\VistaFuncs;..\..\..\Common\Units\SharpFX;..\..\..\Common\Units\SharpGraphicsUtils</DCC_ResourcePath>
    <DCC_ObjPath>..\..\Libraries\SharpAPI;..\..\Libraries\SharpThemeAPIEx;..\..\3rd party\GR32 Addons;..\..\3rd party\TransparentEdit;..\..\..\Common\Delphi Components\SharpE Skin Components;..\..\..\Common\Units\SCHotkeyManager;..\..\..\Common\Units\VistaFuncs;..\..\..\Common\Units\SharpFX;..\..\..\Common\Units\SharpGraphicsUtils</DCC_ObjPath>
    <DCC_IncludePath>..\..\Libraries\SharpAPI;..\..\Libraries\SharpThemeAPIEx;..\..\3rd party\GR32 Addons;..\..\3rd party\TransparentEdit;..\..\..\Common\Delphi Components\SharpE Skin Components;..\..\..\Common\Units\SCHotkeyManager;..\..\..\Common\Units\VistaFuncs;..\..\..\Common\Units\SharpFX;..\..\..\Common\Units\SharpGraphicsUtils</DCC_IncludePath>
    <DCC_Define>RELEASE</DCC_Define>
  </PropertyGroup>
  <PropertyGroup Condition=" '$(Configuration)|$(Platform)' == 'Debug|AnyCPU' ">
    <Version>7.0</Version>
    <DCC_UnitSearchPath>..\..\Libraries\SharpAPI;..\..\Libraries\SharpThemeAPIEx;..\..\3rd party\GR32 Addons;..\..\3rd party\TransparentEdit;..\..\..\Common\Delphi Components\SharpE Skin Components;..\..\..\Common\Units\SCHotkeyManager;..\..\..\Common\Units\VistaFuncs;..\..\..\Common\Units\SharpFX;..\..\..\Common\Units\SharpGraphicsUtils</DCC_UnitSearchPath>
    <DCC_ResourcePath>..\..\Libraries\SharpAPI;..\..\Libraries\SharpThemeAPIEx;..\..\3rd party\GR32 Addons;..\..\3rd party\TransparentEdit;..\..\..\Common\Delphi Components\SharpE Skin Components;..\..\..\Common\Units\SCHotkeyManager;..\..\..\Common\Units\VistaFuncs;..\..\..\Common\Units\SharpFX;..\..\..\Common\Units\SharpGraphicsUtils</DCC_ResourcePath>
    <DCC_ObjPath>..\..\Libraries\SharpAPI;..\..\Libraries\SharpThemeAPIEx;..\..\3rd party\GR32 Addons;..\..\3rd party\TransparentEdit;..\..\..\Common\Delphi Components\SharpE Skin Components;..\..\..\Common\Units\SCHotkeyManager;..\..\..\Common\Units\VistaFuncs;..\..\..\Common\Units\SharpFX;..\..\..\Common\Units\SharpGraphicsUtils</DCC_ObjPath>
    <DCC_IncludePath>..\..\Libraries\SharpAPI;..\..\Libraries\SharpThemeAPIEx;..\..\3rd party\GR32 Addons;..\..\3rd party\TransparentEdit;..\..\..\Common\Delphi Components\SharpE Skin Components;..\..\..\Common\Units\SCHotkeyManager;..\..\..\Common\Units\VistaFuncs;..\..\..\Common\Units\SharpFX;..\..\..\Common\Units\SharpGraphicsUtils</DCC_IncludePath>
  </PropertyGroup>
  <ProjectExtensions>
    <Borland.Personality>Delphi.Personality</Borland.Personality>
    <Borland.ProjectType>Package</Borland.ProjectType>
    <BorlandProject>
<BorlandProject><Delphi.Personality><Parameters><Parameters Name="UseLauncher">False</Parameters><Parameters Name="LoadAllSymbols">True</Parameters><Parameters Name="LoadUnspecifiedSymbols">False</Parameters></Parameters><Package_Options><Package_Options Name="ImplicitBuild">True</Package_Options><Package_Options Name="DesigntimeOnly">False</Package_Options><Package_Options Name="RuntimeOnly">False</Package_Options><Package_Options Name="PackageDescription">SharpE Components</Package_Options></Package_Options><VersionInfo><VersionInfo Name="IncludeVerInfo">True</VersionInfo><VersionInfo Name="AutoIncBuild">False</VersionInfo><VersionInfo Name="MajorVer">1</VersionInfo><VersionInfo Name="MinorVer">0</VersionInfo><VersionInfo Name="Release">0</VersionInfo><VersionInfo Name="Build">0</VersionInfo><VersionInfo Name="Debug">False</VersionInfo><VersionInfo Name="PreRelease">False</VersionInfo><VersionInfo Name="Special">False</VersionInfo><VersionInfo Name="Private">False</VersionInfo><VersionInfo Name="DLL">False</VersionInfo><VersionInfo Name="Locale">1031</VersionInfo><VersionInfo Name="CodePage">1252</VersionInfo></VersionInfo><VersionInfoKeys><VersionInfoKeys Name="FileVersion">1.0.0.0</VersionInfoKeys><VersionInfoKeys Name="ProductVersion">1.0.0.0</VersionInfoKeys><VersionInfoKeys Name="CompanyName"></VersionInfoKeys><VersionInfoKeys Name="FileDescription"></VersionInfoKeys><VersionInfoKeys Name="InternalName"></VersionInfoKeys><VersionInfoKeys Name="LegalCopyright"></VersionInfoKeys><VersionInfoKeys Name="LegalTrademarks"></VersionInfoKeys><VersionInfoKeys Name="OriginalFilename"></VersionInfoKeys><VersionInfoKeys Name="ProductName"></VersionInfoKeys></VersionInfoKeys><Source><Source Name="MainSource">SharpEComponents.dpk</Source></Source></Delphi.Personality></BorlandProject></BorlandProject>
  </ProjectExtensions>
  <Import Project="$(MSBuildBinPath)\Borland.Delphi.Targets" />
  <ItemGroup>
    <DelphiCompile Include="SharpEComponents.dpk">
      <MainSource>MainSource</MainSource>
    </DelphiCompile>
    <DCCReference Include="..\..\Delphi Components\SharpECenterHeader\SharpECenterHeader.pas" />
    <DCCReference Include="..\..\Delphi Components\SharpEColorEditorEx\SharpEColorEditorEx.pas" />
    <DCCReference Include="..\..\Delphi Components\SharpEColorEditor\SharpEColorEditor.pas" />
    <DCCReference Include="..\..\Delphi Components\SharpEColorPicker\SharpEColorPicker.pas" />
    <DCCReference Include="..\..\Delphi Components\SharpEFontSelector\SharpEFontSelector.pas" />
    <DCCReference Include="..\..\Delphi Components\SharpEFontSelector\SharpEFontSelectorFontList.pas" />
    <DCCReference Include="..\..\Delphi Components\SharpEFontSelector\SharpEFontSelectorWnd.pas" />
    <DCCReference Include="..\..\Delphi Components\SharpEGaugeBox\SharpEGaugeBoxEdit.pas" />
    <DCCReference Include="..\..\Delphi Components\SharpEGaugeBox\SharpeGaugeBoxWnd.pas" />
    <DCCReference Include="..\..\Delphi Components\SharpEHotkeyEdit\SharpEHotkeyEdit.pas" />
    <DCCReference Include="..\..\Delphi Components\SharpEListBoxEx\SharpEListBoxEx.pas" />
    <DCCReference Include="..\..\Delphi Components\SharpEPageControl\SharpEPageControl.pas" />
    <DCCReference Include="..\..\Delphi Components\SharpERoundPanel\SharpERoundPanel.pas" />
    <DCCReference Include="..\..\Delphi Components\SharpESwatchCollection\SharpESwatchCollection.pas" />
    <DCCReference Include="..\..\Delphi Components\SharpESwatchManager\SharpESwatchManager.pas" />
    <DCCReference Include="..\..\Delphi Components\SharpETabList\SharpETabList.pas" />
    <DCCReference Include="..\..\Delphi Components\SharpEUIC\SharpEUIC.pas" />
    <DCCReference Include="..\..\Units\SCHotkeyManager\uScHotkeyMgr.pas" />
    <DCCReference Include="..\..\Units\SCHotkeyManager\VKToString.pas" />
    <DCCReference Include="..\..\Units\SharpFX\graphicsFX.pas" />
    <DCCReference Include="..\..\Units\SharpFX\PngComponentsD10.dcp" />
    <DCCReference Include="..\..\Units\SharpFX\PNG_D10.dcp" />
    <DCCReference Include="..\..\Units\SharpFX\SharpFX.pas" />
    <DCCReference Include="..\..\Units\SharpFX\vclactnbandSharpESkinComponents.dcp" />
    <DCCReference Include="..\..\Units\VistaFuncs\uVistaFuncs.pas" />
    <DCCReference Include="bdertl.dcp" />
    <DCCReference Include="dbrtl.dcp" />
    <DCCReference Include="designide.dcp" />
    <DCCReference Include="GR32_BDS2006.dcp" />
    <DCCReference Include="Jcl.dcp" />
    <DCCReference Include="JclVcl.dcp" />
    <DCCReference Include="JvCoreD11R.dcp" />
    <DCCReference Include="JvCtrlsD11R.dcp" />
    <DCCReference Include="JvCustomD11R.dcp" />
    <DCCReference Include="JvInterpreterD11R.dcp" />
    <DCCReference Include="JvMMD11R.dcp" />
    <DCCReference Include="JvPageCompsD11R.dcp" />
    <DCCReference Include="JvStdCtrlsD11R.dcp" />
    <DCCReference Include="JvSystemD11R.dcp" />
    <DCCReference Include="JvXPCtrlsD11R.dcp" />
    <DCCReference Include="PngComponentsD9.dcp" />
    <DCCReference Include="PNG_D9.dcp" />
    <DCCReference Include="rtl.dcp" />
    <DCCReference Include="SharpESkinComponents.dcp" />
    <DCCReference Include="vcl.dcp" />
    <DCCReference Include="vclactnband.dcp" />
    <DCCReference Include="vcldb.dcp" />
    <DCCReference Include="vcljpg.dcp" />
    <DCCReference Include="VclSmp.dcp" />
    <DCCReference Include="vclx.dcp" />
    <DCCReference Include="xmlrtl.dcp" />
  </ItemGroup>
</Project>