<?xml version="1.0" encoding="utf-8"?>
<Project xmlns="http://schemas.microsoft.com/developer/msbuild/2003">
  <PropertyGroup>
    <ProjectGuid>{988756dd-04dc-46f5-88a9-e6b121bdf304}</ProjectGuid>
    <MainSource>SharpCenter.dpr</MainSource>
    <Configuration Condition=" '$(Configuration)' == '' ">Debug</Configuration>
    <Platform Condition=" '$(Platform)' == '' ">AnyCPU</Platform>
    <DCC_DCCCompiler>DCC32</DCC_DCCCompiler>
    <DCC_DependencyCheckOutputName>..\..\..\SharpE\SharpCenter.exe</DCC_DependencyCheckOutputName>
    <DCC_UsePackage>vcl;rtl</DCC_UsePackage>
  </PropertyGroup>
  <PropertyGroup Condition=" '$(Configuration)|$(Platform)' == 'Release|AnyCPU' ">
    <Version>7.0</Version>
    <DCC_DebugInformation>False</DCC_DebugInformation>
    <DCC_LocalDebugSymbols>False</DCC_LocalDebugSymbols>
    <DCC_Optimize>False</DCC_Optimize>
    <DCC_RangeChecking>True</DCC_RangeChecking>
    <DCC_SymbolReferenceInfo>0</DCC_SymbolReferenceInfo>
    <DCC_ExeOutput>..\..\..\SharpE\</DCC_ExeOutput>
    <DCC_UnitSearchPath>..\..\Common\Delphi Components\SharpE Skin Components;..\..\Common\3rd Party\GR32 Addons\;..\..\Common\Libraries\SharpThemeApiEx;..\..\Common\Units\VistaFuncs;..\..\Common\Libraries\SharpApi;..\..\Common\Delphi Components\SharpEListBoxEx;..\..\Common\Units\SharpfX;..\..\Common\Delphi Components\SharpERoundPanel;..\..\Common\Delphi Components\SharpETabList;..\..\Common\Units\SharpGraphicsUtils;..\..\Common\Delphi Components\SharpEPageControl;..\..\Common\Libraries\SharpCenterApi;..\..\Common\Units\SystemFuncs;..\..\Common\Units\SharpTypes;..\..\Common\Delphi Components\SharpEGaugeBox;..\..\Common\Delphi Components\SharpEColorEditorEx;..\..\Common\Delphi Components\SharpEColorEditor;..\..\Common\Delphi Components\SharpESwatchCollection;..\..\Common\Delphi Components\SharpESwatchManager;..\..\Common\Delphi Components\SharpEColorPicker;..\..\Common\Delphi Components\SharpECenterHeader;..\..\Common\Delphi Components\SharpEHotkeyEdit;..\..\Common\Units\SCHotkeyManager;..\..\Common\Units\DebugDialog;..\..\Common\Units\XML;..\..\Common\Units\SharpFileUtils</DCC_UnitSearchPath>
    <DCC_ResourcePath>..\..\Common\Delphi Components\SharpE Skin Components;..\..\Common\3rd Party\GR32 Addons\;..\..\Common\Libraries\SharpThemeApiEx;..\..\Common\Units\VistaFuncs;..\..\Common\Libraries\SharpApi;..\..\Common\Delphi Components\SharpEListBoxEx;..\..\Common\Units\SharpfX;..\..\Common\Delphi Components\SharpERoundPanel;..\..\Common\Delphi Components\SharpETabList;..\..\Common\Units\SharpGraphicsUtils;..\..\Common\Delphi Components\SharpEPageControl;..\..\Common\Libraries\SharpCenterApi;..\..\Common\Units\SystemFuncs;..\..\Common\Units\SharpTypes;..\..\Common\Delphi Components\SharpEGaugeBox;..\..\Common\Delphi Components\SharpEColorEditorEx;..\..\Common\Delphi Components\SharpEColorEditor;..\..\Common\Delphi Components\SharpESwatchCollection;..\..\Common\Delphi Components\SharpESwatchManager;..\..\Common\Delphi Components\SharpEColorPicker;..\..\Common\Delphi Components\SharpECenterHeader;..\..\Common\Delphi Components\SharpEHotkeyEdit;..\..\Common\Units\SCHotkeyManager;..\..\Common\Units\DebugDialog;..\..\Common\Units\XML;..\..\Common\Units\SharpFileUtils</DCC_ResourcePath>
    <DCC_ObjPath>..\..\Common\Delphi Components\SharpE Skin Components;..\..\Common\3rd Party\GR32 Addons\;..\..\Common\Libraries\SharpThemeApiEx;..\..\Common\Units\VistaFuncs;..\..\Common\Libraries\SharpApi;..\..\Common\Delphi Components\SharpEListBoxEx;..\..\Common\Units\SharpfX;..\..\Common\Delphi Components\SharpERoundPanel;..\..\Common\Delphi Components\SharpETabList;..\..\Common\Units\SharpGraphicsUtils;..\..\Common\Delphi Components\SharpEPageControl;..\..\Common\Libraries\SharpCenterApi;..\..\Common\Units\SystemFuncs;..\..\Common\Units\SharpTypes;..\..\Common\Delphi Components\SharpEGaugeBox;..\..\Common\Delphi Components\SharpEColorEditorEx;..\..\Common\Delphi Components\SharpEColorEditor;..\..\Common\Delphi Components\SharpESwatchCollection;..\..\Common\Delphi Components\SharpESwatchManager;..\..\Common\Delphi Components\SharpEColorPicker;..\..\Common\Delphi Components\SharpECenterHeader;..\..\Common\Delphi Components\SharpEHotkeyEdit;..\..\Common\Units\SCHotkeyManager;..\..\Common\Units\DebugDialog;..\..\Common\Units\XML;..\..\Common\Units\SharpFileUtils</DCC_ObjPath>
    <DCC_IncludePath>..\..\Common\Delphi Components\SharpE Skin Components;..\..\Common\3rd Party\GR32 Addons\;..\..\Common\Libraries\SharpThemeApiEx;..\..\Common\Units\VistaFuncs;..\..\Common\Libraries\SharpApi;..\..\Common\Delphi Components\SharpEListBoxEx;..\..\Common\Units\SharpfX;..\..\Common\Delphi Components\SharpERoundPanel;..\..\Common\Delphi Components\SharpETabList;..\..\Common\Units\SharpGraphicsUtils;..\..\Common\Delphi Components\SharpEPageControl;..\..\Common\Libraries\SharpCenterApi;..\..\Common\Units\SystemFuncs;..\..\Common\Units\SharpTypes;..\..\Common\Delphi Components\SharpEGaugeBox;..\..\Common\Delphi Components\SharpEColorEditorEx;..\..\Common\Delphi Components\SharpEColorEditor;..\..\Common\Delphi Components\SharpESwatchCollection;..\..\Common\Delphi Components\SharpESwatchManager;..\..\Common\Delphi Components\SharpEColorPicker;..\..\Common\Delphi Components\SharpECenterHeader;..\..\Common\Delphi Components\SharpEHotkeyEdit;..\..\Common\Units\SCHotkeyManager;..\..\Common\Units\DebugDialog;..\..\Common\Units\XML;..\..\Common\Units\SharpFileUtils</DCC_IncludePath>
    <DCC_Define>RELEASE</DCC_Define>
  </PropertyGroup>
  <PropertyGroup Condition=" '$(Configuration)|$(Platform)' == 'Debug|AnyCPU' ">
    <Version>7.0</Version>
    <DCC_ExeOutput>..\..\..\SharpE\</DCC_ExeOutput>
    <DCC_UnitSearchPath>..\..\Common\Delphi Components\SharpE Skin Components;..\..\Common\3rd Party\GR32 Addons\;..\..\Common\Libraries\SharpThemeApiEx;..\..\Common\Units\VistaFuncs;..\..\Common\Libraries\SharpApi;..\..\Common\Delphi Components\SharpEListBoxEx;..\..\Common\Units\SharpfX;..\..\Common\Delphi Components\SharpERoundPanel;..\..\Common\Delphi Components\SharpETabList;..\..\Common\Units\SharpGraphicsUtils;..\..\Common\Delphi Components\SharpEPageControl;..\..\Common\Libraries\SharpCenterApi;..\..\Common\Units\SystemFuncs;..\..\Common\Units\SharpTypes;..\..\Common\Delphi Components\SharpEGaugeBox;..\..\Common\Delphi Components\SharpEColorEditorEx;..\..\Common\Delphi Components\SharpEColorEditor;..\..\Common\Delphi Components\SharpESwatchCollection;..\..\Common\Delphi Components\SharpESwatchManager;..\..\Common\Delphi Components\SharpEColorPicker;..\..\Common\Delphi Components\SharpECenterHeader;..\..\Common\Delphi Components\SharpEHotkeyEdit;..\..\Common\Units\SCHotkeyManager;..\..\Common\Units\DebugDialog;..\..\Common\Units\XML;..\..\Common\Units\SharpFileUtils</DCC_UnitSearchPath>
    <DCC_ResourcePath>..\..\Common\Delphi Components\SharpE Skin Components;..\..\Common\3rd Party\GR32 Addons\;..\..\Common\Libraries\SharpThemeApiEx;..\..\Common\Units\VistaFuncs;..\..\Common\Libraries\SharpApi;..\..\Common\Delphi Components\SharpEListBoxEx;..\..\Common\Units\SharpfX;..\..\Common\Delphi Components\SharpERoundPanel;..\..\Common\Delphi Components\SharpETabList;..\..\Common\Units\SharpGraphicsUtils;..\..\Common\Delphi Components\SharpEPageControl;..\..\Common\Libraries\SharpCenterApi;..\..\Common\Units\SystemFuncs;..\..\Common\Units\SharpTypes;..\..\Common\Delphi Components\SharpEGaugeBox;..\..\Common\Delphi Components\SharpEColorEditorEx;..\..\Common\Delphi Components\SharpEColorEditor;..\..\Common\Delphi Components\SharpESwatchCollection;..\..\Common\Delphi Components\SharpESwatchManager;..\..\Common\Delphi Components\SharpEColorPicker;..\..\Common\Delphi Components\SharpECenterHeader;..\..\Common\Delphi Components\SharpEHotkeyEdit;..\..\Common\Units\SCHotkeyManager;..\..\Common\Units\DebugDialog;..\..\Common\Units\XML;..\..\Common\Units\SharpFileUtils</DCC_ResourcePath>
    <DCC_ObjPath>..\..\Common\Delphi Components\SharpE Skin Components;..\..\Common\3rd Party\GR32 Addons\;..\..\Common\Libraries\SharpThemeApiEx;..\..\Common\Units\VistaFuncs;..\..\Common\Libraries\SharpApi;..\..\Common\Delphi Components\SharpEListBoxEx;..\..\Common\Units\SharpfX;..\..\Common\Delphi Components\SharpERoundPanel;..\..\Common\Delphi Components\SharpETabList;..\..\Common\Units\SharpGraphicsUtils;..\..\Common\Delphi Components\SharpEPageControl;..\..\Common\Libraries\SharpCenterApi;..\..\Common\Units\SystemFuncs;..\..\Common\Units\SharpTypes;..\..\Common\Delphi Components\SharpEGaugeBox;..\..\Common\Delphi Components\SharpEColorEditorEx;..\..\Common\Delphi Components\SharpEColorEditor;..\..\Common\Delphi Components\SharpESwatchCollection;..\..\Common\Delphi Components\SharpESwatchManager;..\..\Common\Delphi Components\SharpEColorPicker;..\..\Common\Delphi Components\SharpECenterHeader;..\..\Common\Delphi Components\SharpEHotkeyEdit;..\..\Common\Units\SCHotkeyManager;..\..\Common\Units\DebugDialog;..\..\Common\Units\XML;..\..\Common\Units\SharpFileUtils</DCC_ObjPath>
    <DCC_IncludePath>..\..\Common\Delphi Components\SharpE Skin Components;..\..\Common\3rd Party\GR32 Addons\;..\..\Common\Libraries\SharpThemeApiEx;..\..\Common\Units\VistaFuncs;..\..\Common\Libraries\SharpApi;..\..\Common\Delphi Components\SharpEListBoxEx;..\..\Common\Units\SharpfX;..\..\Common\Delphi Components\SharpERoundPanel;..\..\Common\Delphi Components\SharpETabList;..\..\Common\Units\SharpGraphicsUtils;..\..\Common\Delphi Components\SharpEPageControl;..\..\Common\Libraries\SharpCenterApi;..\..\Common\Units\SystemFuncs;..\..\Common\Units\SharpTypes;..\..\Common\Delphi Components\SharpEGaugeBox;..\..\Common\Delphi Components\SharpEColorEditorEx;..\..\Common\Delphi Components\SharpEColorEditor;..\..\Common\Delphi Components\SharpESwatchCollection;..\..\Common\Delphi Components\SharpESwatchManager;..\..\Common\Delphi Components\SharpEColorPicker;..\..\Common\Delphi Components\SharpECenterHeader;..\..\Common\Delphi Components\SharpEHotkeyEdit;..\..\Common\Units\SCHotkeyManager;..\..\Common\Units\DebugDialog;..\..\Common\Units\XML;..\..\Common\Units\SharpFileUtils</DCC_IncludePath>
    <DCC_Define>DEBUG</DCC_Define>
    <DCC_Optimize>False</DCC_Optimize>
    <DCC_MapFile>3</DCC_MapFile>
    <DCC_IntegerOverflowCheck>True</DCC_IntegerOverflowCheck>
    <DCC_RangeChecking>True</DCC_RangeChecking>
  </PropertyGroup>
  <ProjectExtensions>
    <Borland.Personality>Delphi.Personality</Borland.Personality>
    <Borland.ProjectType />
    <BorlandProject>
<BorlandProject><Delphi.Personality><Parameters><Parameters Name="DebugSourceDirs">E:\SVN\Common\Delphi Components\SharpEListBoxEx\;E:\SVN\Common\Delphi Components\SharpETabList\</Parameters><Parameters Name="UseLauncher">False</Parameters><Parameters Name="LoadAllSymbols">True</Parameters><Parameters Name="LoadUnspecifiedSymbols">False</Parameters></Parameters><VersionInfo><VersionInfo Name="IncludeVerInfo">False</VersionInfo><VersionInfo Name="AutoIncBuild">False</VersionInfo><VersionInfo Name="MajorVer">0</VersionInfo><VersionInfo Name="MinorVer">8</VersionInfo><VersionInfo Name="Release">0</VersionInfo><VersionInfo Name="Build">0</VersionInfo><VersionInfo Name="Debug">False</VersionInfo><VersionInfo Name="PreRelease">False</VersionInfo><VersionInfo Name="Special">False</VersionInfo><VersionInfo Name="Private">False</VersionInfo><VersionInfo Name="DLL">False</VersionInfo><VersionInfo Name="Locale">1033</VersionInfo><VersionInfo Name="CodePage">1252</VersionInfo></VersionInfo><VersionInfoKeys><VersionInfoKeys Name="FileVersion">0.8.0.0</VersionInfoKeys><VersionInfoKeys Name="ProductVersion">0.8.0.0</VersionInfoKeys><VersionInfoKeys Name="CompanyName"></VersionInfoKeys><VersionInfoKeys Name="FileDescription">SharpEnviro Configuration Tool</VersionInfoKeys><VersionInfoKeys Name="InternalName">SharpCenter</VersionInfoKeys><VersionInfoKeys Name="LegalCopyright">SharpEnviro Development Team</VersionInfoKeys><VersionInfoKeys Name="LegalTrademarks"></VersionInfoKeys><VersionInfoKeys Name="OriginalFilename">SharpCenter.exe</VersionInfoKeys><VersionInfoKeys Name="ProductName">SharpEnviro</VersionInfoKeys></VersionInfoKeys><Excluded_Packages>
      
      
      <Excluded_Packages Name="C:\Users\Public\Documents\RAD Studio\5.0\Bpl\Graphics32.bpl">Datei C:\Users\Public\Documents\RAD Studio\5.0\Bpl\Graphics32.bpl nicht gefunden</Excluded_Packages>
    </Excluded_Packages><Source><Source Name="MainSource">SharpCenter.dpr</Source></Source></Delphi.Personality></BorlandProject></BorlandProject>
  </ProjectExtensions>
  <Import Project="$(MSBuildBinPath)\Borland.Delphi.Targets" />
  <PropertyGroup>
    <PreBuildEvent>del metadata.res
del VersionInfo.res
brcc32 -v metadata.rc
brcc32 -v VersionInfo.rc</PreBuildEvent>
    <PostBuildEvent>if $(Configuration)==Debug "..\..\Common\3rd party\Jedi\MakeJclDbg.exe" -E "$(OUTPUTDIR)$(OUTPUTNAME).map"
if $(Configuration)==Debug del "$(OUTPUTDIR)$(OUTPUTNAME).map"</PostBuildEvent>
  </PropertyGroup>
  <ItemGroup>
    <DelphiCompile Include="SharpCenter.dpr">
      <MainSource>MainSource</MainSource>
    </DelphiCompile>
    <DCCReference Include="..\..\Common\Interfaces\ISharpCenterHostUnit.pas" />
    <DCCReference Include="..\..\Common\Interfaces\ISharpCenterPluginUnit.pas" />
    <DCCReference Include="..\..\Common\Interfaces\IXmlBaseUnit.pas" />
    <DCCReference Include="..\..\Common\Units\DebugDialog\DebugDialog.pas" />
    <DCCReference Include="uSharpCenterDllMethods.pas" />
    <DCCReference Include="uSharpCenterFavManager.pas" />
    <DCCReference Include="uSharpCenterHelperMethods.pas" />
    <DCCReference Include="uSharpCenterHistoryList.pas" />
    <DCCReference Include="uSharpCenterHost.pas" />
    <DCCReference Include="uSharpCenterMainWnd.pas">
      <Form>SharpCenterWnd</Form>
    </DCCReference>
    <DCCReference Include="uSharpCenterManager.pas" />
    <DCCReference Include="uSharpCenterPluginManager.pas" />
    <DCCReference Include="uSharpCenterThemeManager.pas" />
  </ItemGroup>
</Project>