<?xml version="1.0" encoding="utf-8"?>
<Project xmlns="http://schemas.microsoft.com/developer/msbuild/2003">
  <PropertyGroup>
    <ProjectGuid>{72be3b1e-bb50-4474-9890-7c31790d0ac2}</ProjectGuid>
    <MainSource>ColorBoxTest.dpr</MainSource>
    <Configuration Condition=" '$(Configuration)' == '' ">Debug</Configuration>
    <Platform Condition=" '$(Platform)' == '' ">AnyCPU</Platform>
    <DCC_DCCCompiler>DCC32</DCC_DCCCompiler>
    <DCC_DependencyCheckOutputName>..\..\..\..\SharpE\ColorBoxTest.exe</DCC_DependencyCheckOutputName>
  </PropertyGroup>
  <PropertyGroup Condition=" '$(Configuration)|$(Platform)' == 'Release|AnyCPU' ">
    <Version>7.0</Version>
    <DCC_DebugInformation>False</DCC_DebugInformation>
    <DCC_LocalDebugSymbols>False</DCC_LocalDebugSymbols>
    <DCC_SymbolReferenceInfo>0</DCC_SymbolReferenceInfo>
    <DCC_ExeOutput>..\..\..\..\SharpE</DCC_ExeOutput>
    <DCC_Define>RELEASE</DCC_Define>
    <DCC_UnitSearchPath>..\..\Libraries\SharpThemeApiEx</DCC_UnitSearchPath>
    <DCC_ResourcePath>..\..\Libraries\SharpThemeApiEx</DCC_ResourcePath>
    <DCC_ObjPath>..\..\Libraries\SharpThemeApiEx</DCC_ObjPath>
    <DCC_IncludePath>..\..\Libraries\SharpThemeApiEx</DCC_IncludePath>
  </PropertyGroup>
  <PropertyGroup Condition=" '$(Configuration)|$(Platform)' == 'Debug|AnyCPU' ">
    <Version>7.0</Version>
    <DCC_ExeOutput>..\..\..\..\SharpE</DCC_ExeOutput>
    <DCC_Define>DEBUG</DCC_Define>
    <DCC_UnitSearchPath>..\..\Libraries\SharpThemeApiEx</DCC_UnitSearchPath>
    <DCC_ResourcePath>..\..\Libraries\SharpThemeApiEx</DCC_ResourcePath>
    <DCC_ObjPath>..\..\Libraries\SharpThemeApiEx</DCC_ObjPath>
    <DCC_IncludePath>..\..\Libraries\SharpThemeApiEx</DCC_IncludePath>
  </PropertyGroup>
  <ProjectExtensions>
    <Borland.Personality>Delphi.Personality</Borland.Personality>
    <Borland.ProjectType />
    <BorlandProject>
<BorlandProject> <Delphi.Personality>   <Parameters>
      <Parameters Name="UseLauncher">False</Parameters>
      <Parameters Name="LoadAllSymbols">True</Parameters>
      <Parameters Name="LoadUnspecifiedSymbols">False</Parameters>
    </Parameters>
    <VersionInfo>
      <VersionInfo Name="IncludeVerInfo">False</VersionInfo>
      <VersionInfo Name="AutoIncBuild">False</VersionInfo>
      <VersionInfo Name="MajorVer">1</VersionInfo>
      <VersionInfo Name="MinorVer">0</VersionInfo>
      <VersionInfo Name="Release">0</VersionInfo>
      <VersionInfo Name="Build">0</VersionInfo>
      <VersionInfo Name="Debug">False</VersionInfo>
      <VersionInfo Name="PreRelease">False</VersionInfo>
      <VersionInfo Name="Special">False</VersionInfo>
      <VersionInfo Name="Private">False</VersionInfo>
      <VersionInfo Name="DLL">False</VersionInfo>
      <VersionInfo Name="Locale">2057</VersionInfo>
      <VersionInfo Name="CodePage">1252</VersionInfo>
    </VersionInfo>
    <VersionInfoKeys>
      <VersionInfoKeys Name="CompanyName"></VersionInfoKeys>
      <VersionInfoKeys Name="FileDescription"></VersionInfoKeys>
      <VersionInfoKeys Name="FileVersion">1.0.0.0</VersionInfoKeys>
      <VersionInfoKeys Name="InternalName"></VersionInfoKeys>
      <VersionInfoKeys Name="LegalCopyright"></VersionInfoKeys>
      <VersionInfoKeys Name="LegalTrademarks"></VersionInfoKeys>
      <VersionInfoKeys Name="OriginalFilename"></VersionInfoKeys>
      <VersionInfoKeys Name="ProductName"></VersionInfoKeys>
      <VersionInfoKeys Name="ProductVersion">1.0.0.0</VersionInfoKeys>
      <VersionInfoKeys Name="Comments"></VersionInfoKeys>
    </VersionInfoKeys>
    <Excluded_Packages>
      
      
      
      
      
      
      
      
      
      
      
      
      
      
      
      
      
      
      
      
      
      
      
      
      
      
      
      
      <Excluded_Packages Name="C:\Users\Lee Green\Documents\Borland Studio Projects\Bpl\PngComponentsD9.bpl">Png components</Excluded_Packages>
    </Excluded_Packages>
    <Source>
      <Source Name="MainSource">ColorBoxTest.dpr</Source>
    </Source>
  </Delphi.Personality> </BorlandProject></BorlandProject>
  </ProjectExtensions>
  <Import Project="$(MSBuildBinPath)\Borland.Delphi.Targets" />
  <ItemGroup>
    <DelphiCompile Include="ColorBoxTest.dpr">
      <MainSource>MainSource</MainSource>
    </DelphiCompile>
    <DCCReference Include="..\..\Libraries\SharpApiEx\SharpAPIEx.pas" />
    <DCCReference Include="..\..\Libraries\SharpAPI\SharpAPI.pas" />
    <DCCReference Include="..\..\Units\SharpFX\SharpFX.pas" />
    <DCCReference Include="..\..\Units\VistaFuncs\uVistaFuncs.pas" />
    <DCCReference Include="SharpEColorPicker.pas" />
    <DCCReference Include="uColorBoxTest.pas">
      <Form>Form1</Form>
    </DCCReference>
  </ItemGroup>
</Project>