<Project xmlns="http://schemas.microsoft.com/developer/msbuild/2003">
  <PropertyGroup>
    <ProjectGuid>{95fc47df-8d83-4363-bb4f-78f1ffdea869}</ProjectGuid>
    <MainSource>VWMService.dpr</MainSource>
    <Configuration Condition=" '$(Configuration)' == '' ">Debug</Configuration>
    <Platform Condition=" '$(Platform)' == '' ">AnyCPU</Platform>
    <DCC_EnabledPackages>true</DCC_EnabledPackages>
    <DCC_UsePackage>rtl;vcl</DCC_UsePackage>
    <DCC_DCCCompiler>DCC32</DCC_DCCCompiler>
    <DCC_DependencyCheckOutputName>..\..\..\..\SharpE\Center\Root\_Services\_Servicedlls\VWMService.dll</DCC_DependencyCheckOutputName>
  </PropertyGroup>
  <PropertyGroup Condition=" '$(Configuration)|$(Platform)' == 'Release|AnyCPU' ">
    <Version>7.0</Version>
    <DCC_DebugInformation>False</DCC_DebugInformation>
    <DCC_LocalDebugSymbols>False</DCC_LocalDebugSymbols>
    <DCC_SymbolReferenceInfo>0</DCC_SymbolReferenceInfo>
    <DCC_ExeOutput>..\..\..\..\SharpE\Center\Root\_Components\_Componentdlls\</DCC_ExeOutput>
    <DCC_UnitSearchPath>..\..\..\Common\Units\SCHotkeyManager\;..\..\..\Common\Units\SEListboxPainter\;..\..\..\Common\Libraries\SharpThemeApi;..\..\..\Common\3rd party\GR32 Addons;..\..\..\Common\Libraries\SharpApi;..\..\..\Common\Units\SharpFX;..\..\..\Common\3rd party\TransparentEdit;..\..\..\Common\Delphi Components\SharpE Skin Components;..\..\..\Common\Delphi Components\SharpeListBoxEx;..\..\..\Common\Units\VistaFuncs;..\..\..\Common\Delphi Components\SharpEGaugeBox;..\..\..\Common\Libraries\SharpCenterApi</DCC_UnitSearchPath>
    <DCC_ResourcePath>..\..\..\Common\Units\SCHotkeyManager\;..\..\..\Common\Units\SEListboxPainter\;..\..\..\Common\Libraries\SharpThemeApi;..\..\..\Common\3rd party\GR32 Addons;..\..\..\Common\Libraries\SharpApi;..\..\..\Common\Units\SharpFX;..\..\..\Common\3rd party\TransparentEdit;..\..\..\Common\Delphi Components\SharpE Skin Components;..\..\..\Common\Delphi Components\SharpeListBoxEx;..\..\..\Common\Units\VistaFuncs;..\..\..\Common\Delphi Components\SharpEGaugeBox;..\..\..\Common\Libraries\SharpCenterApi</DCC_ResourcePath>
    <DCC_ObjPath>..\..\..\Common\Units\SCHotkeyManager\;..\..\..\Common\Units\SEListboxPainter\;..\..\..\Common\Libraries\SharpThemeApi;..\..\..\Common\3rd party\GR32 Addons;..\..\..\Common\Libraries\SharpApi;..\..\..\Common\Units\SharpFX;..\..\..\Common\3rd party\TransparentEdit;..\..\..\Common\Delphi Components\SharpE Skin Components;..\..\..\Common\Delphi Components\SharpeListBoxEx;..\..\..\Common\Units\VistaFuncs;..\..\..\Common\Delphi Components\SharpEGaugeBox;..\..\..\Common\Libraries\SharpCenterApi</DCC_ObjPath>
    <DCC_IncludePath>..\..\..\Common\Units\SCHotkeyManager\;..\..\..\Common\Units\SEListboxPainter\;..\..\..\Common\Libraries\SharpThemeApi;..\..\..\Common\3rd party\GR32 Addons;..\..\..\Common\Libraries\SharpApi;..\..\..\Common\Units\SharpFX;..\..\..\Common\3rd party\TransparentEdit;..\..\..\Common\Delphi Components\SharpE Skin Components;..\..\..\Common\Delphi Components\SharpeListBoxEx;..\..\..\Common\Units\VistaFuncs;..\..\..\Common\Delphi Components\SharpEGaugeBox;..\..\..\Common\Libraries\SharpCenterApi</DCC_IncludePath>
    <DCC_Define>RELEASE</DCC_Define>
  </PropertyGroup>
  <PropertyGroup Condition=" '$(Configuration)|$(Platform)' == 'Debug|AnyCPU' ">
    <Version>7.0</Version>
    <DCC_ExeOutput>..\..\..\..\SharpE\Center\Root\_Services\_Servicedlls\</DCC_ExeOutput>
    <DCC_UnitSearchPath>..\..\..\Common\Units\SCHotkeyManager\;..\..\..\Common\Units\SEListboxPainter\;..\..\..\Common\Libraries\SharpThemeApi;..\..\..\Common\3rd party\GR32 Addons;..\..\..\Common\Libraries\SharpApi;..\..\..\Common\Units\SharpFX;..\..\..\Common\3rd party\TransparentEdit;..\..\..\Common\Delphi Components\SharpE Skin Components;..\..\..\Common\Delphi Components\SharpeListBoxEx;..\..\..\Common\Units\VistaFuncs;..\..\..\Common\Delphi Components\SharpEGaugeBox;..\..\..\Common\Libraries\SharpCenterApi</DCC_UnitSearchPath>
    <DCC_ResourcePath>..\..\..\Common\Units\SCHotkeyManager\;..\..\..\Common\Units\SEListboxPainter\;..\..\..\Common\Libraries\SharpThemeApi;..\..\..\Common\3rd party\GR32 Addons;..\..\..\Common\Libraries\SharpApi;..\..\..\Common\Units\SharpFX;..\..\..\Common\3rd party\TransparentEdit;..\..\..\Common\Delphi Components\SharpE Skin Components;..\..\..\Common\Delphi Components\SharpeListBoxEx;..\..\..\Common\Units\VistaFuncs;..\..\..\Common\Delphi Components\SharpEGaugeBox;..\..\..\Common\Libraries\SharpCenterApi</DCC_ResourcePath>
    <DCC_ObjPath>..\..\..\Common\Units\SCHotkeyManager\;..\..\..\Common\Units\SEListboxPainter\;..\..\..\Common\Libraries\SharpThemeApi;..\..\..\Common\3rd party\GR32 Addons;..\..\..\Common\Libraries\SharpApi;..\..\..\Common\Units\SharpFX;..\..\..\Common\3rd party\TransparentEdit;..\..\..\Common\Delphi Components\SharpE Skin Components;..\..\..\Common\Delphi Components\SharpeListBoxEx;..\..\..\Common\Units\VistaFuncs;..\..\..\Common\Delphi Components\SharpEGaugeBox;..\..\..\Common\Libraries\SharpCenterApi</DCC_ObjPath>
    <DCC_IncludePath>..\..\..\Common\Units\SCHotkeyManager\;..\..\..\Common\Units\SEListboxPainter\;..\..\..\Common\Libraries\SharpThemeApi;..\..\..\Common\3rd party\GR32 Addons;..\..\..\Common\Libraries\SharpApi;..\..\..\Common\Units\SharpFX;..\..\..\Common\3rd party\TransparentEdit;..\..\..\Common\Delphi Components\SharpE Skin Components;..\..\..\Common\Delphi Components\SharpeListBoxEx;..\..\..\Common\Units\VistaFuncs;..\..\..\Common\Delphi Components\SharpEGaugeBox;..\..\..\Common\Libraries\SharpCenterApi</DCC_IncludePath>
    <DCC_Define>DEBUG</DCC_Define>
  </PropertyGroup>
  <ProjectExtensions>
    <Borland.Personality>Delphi.Personality</Borland.Personality>
    <Borland.ProjectType />
    <BorlandProject>
<BorlandProject><Delphi.Personality><Parameters><Parameters Name="HostApplication">..\..\..\..\SharpE\SharpCenter.exe</Parameters><Parameters Name="DebugSourceDirs">E:\SVN\Components\SharpCenter\</Parameters><Parameters Name="UseLauncher">False</Parameters><Parameters Name="LoadAllSymbols">True</Parameters><Parameters Name="LoadUnspecifiedSymbols">False</Parameters></Parameters><VersionInfo><VersionInfo Name="IncludeVerInfo">False</VersionInfo><VersionInfo Name="AutoIncBuild">False</VersionInfo><VersionInfo Name="MajorVer">1</VersionInfo><VersionInfo Name="MinorVer">0</VersionInfo><VersionInfo Name="Release">0</VersionInfo><VersionInfo Name="Build">0</VersionInfo><VersionInfo Name="Debug">False</VersionInfo><VersionInfo Name="PreRelease">False</VersionInfo><VersionInfo Name="Special">False</VersionInfo><VersionInfo Name="Private">False</VersionInfo><VersionInfo Name="DLL">False</VersionInfo><VersionInfo Name="Locale">2057</VersionInfo><VersionInfo Name="CodePage">1252</VersionInfo></VersionInfo><VersionInfoKeys><VersionInfoKeys Name="FileVersion">1.0.0.0</VersionInfoKeys><VersionInfoKeys Name="ProductVersion">1.0.0.0</VersionInfoKeys></VersionInfoKeys><Excluded_Packages>
      <Excluded_Packages Name="$(BDS)\bin\dcloffice2k100.bpl">Microsoft Office 2000 Beispiele für gekapselte Komponenten für Automation Server</Excluded_Packages>
      <Excluded_Packages Name="$(BDS)\bin\dclofficexp100.bpl">Microsoft Office XP Beispiele für gekapselte Komponenten für Automation Server</Excluded_Packages>
    </Excluded_Packages><Source><Source Name="MainSource">VWMService.dpr</Source></Source></Delphi.Personality></BorlandProject></BorlandProject>
  </ProjectExtensions>
  <Import Project="$(MSBuildBinPath)\Borland.Delphi.Targets" />
  <ItemGroup>
    <DelphiCompile Include="VWMService.dpr">
      <MainSource>MainSource</MainSource>
    </DelphiCompile>
    <DCCReference Include="..\..\..\Common\Libraries\SharpAPI\SharpAPI.pas" />
    <DCCReference Include="..\..\..\Common\Libraries\SharpCenterApi\SharpCenterAPI.pas" />
    <DCCReference Include="..\..\..\Common\Units\SharpCenterSupporting\uSharpCenterPluginTabList.pas" />
    <DCCReference Include="uVWMServiceSettingsWnd.pas">
      <Form>frmVWMSettings</Form>
    </DCCReference>
  </ItemGroup>
</Project>