<Project xmlns="http://schemas.microsoft.com/developer/msbuild/2003">
  <PropertyGroup>
    <ProjectGuid>{edbfea90-cd13-4e09-8a2e-72632ead1b04}</ProjectGuid>
    <MainSource>Image.dpr</MainSource>
    <Configuration Condition=" '$(Configuration)' == '' ">Debug</Configuration>
    <Platform Condition=" '$(Platform)' == '' ">AnyCPU</Platform>
    <DCC_EnabledPackages>true</DCC_EnabledPackages>
    <DCC_UsePackage>vcl;rtl</DCC_UsePackage>
    <DCC_DCCCompiler>DCC32</DCC_DCCCompiler>
    <DCC_DependencyCheckOutputName>..\..\..\..\SharpE\Objects\Image.dll</DCC_DependencyCheckOutputName>
  </PropertyGroup>
  <PropertyGroup Condition=" '$(Configuration)|$(Platform)' == 'Release|AnyCPU' ">
    <Version>7.0</Version>
    <DCC_DebugInformation>False</DCC_DebugInformation>
    <DCC_LocalDebugSymbols>False</DCC_LocalDebugSymbols>
    <DCC_SymbolReferenceInfo>0</DCC_SymbolReferenceInfo>
    <DCC_ExeOutput>..\..\..\..\SharpE\Objects</DCC_ExeOutput>
    <DCC_UnitSearchPath>..\..\..\Components\SharpDesk\Units;..\..\..\Components\SharpDesk\Forms\;..\..\..\Common\Delphi Components\SharpEFontSelector;..\..\..\Common\Units\SharpFX;..\..\..\Common\Units\SharpFileUtils</DCC_UnitSearchPath>
    <DCC_ResourcePath>..\..\..\Components\SharpDesk\Units;..\..\..\Components\SharpDesk\Forms\;..\..\..\Common\Delphi Components\SharpEFontSelector;..\..\..\Common\Units\SharpFX;..\..\..\Common\Units\SharpFileUtils</DCC_ResourcePath>
    <DCC_ObjPath>..\..\..\Components\SharpDesk\Units;..\..\..\Components\SharpDesk\Forms\;..\..\..\Common\Delphi Components\SharpEFontSelector;..\..\..\Common\Units\SharpFX;..\..\..\Common\Units\SharpFileUtils</DCC_ObjPath>
    <DCC_IncludePath>..\..\..\Components\SharpDesk\Units;..\..\..\Components\SharpDesk\Forms\;..\..\..\Common\Delphi Components\SharpEFontSelector;..\..\..\Common\Units\SharpFX;..\..\..\Common\Units\SharpFileUtils</DCC_IncludePath>
    <DCC_Define>RELEASE</DCC_Define>
  </PropertyGroup>
  <PropertyGroup Condition=" '$(Configuration)|$(Platform)' == 'Debug|AnyCPU' ">
    <Version>7.0</Version>
    <DCC_ExeOutput>..\..\..\..\SharpE\Objects</DCC_ExeOutput>
    <DCC_UnitSearchPath>..\..\..\Components\SharpDesk\Units;..\..\..\Components\SharpDesk\Forms\;..\..\..\Common\Delphi Components\SharpEFontSelector;..\..\..\Common\Units\SharpFX;..\..\..\Common\Units\SharpFileUtils</DCC_UnitSearchPath>
    <DCC_ResourcePath>..\..\..\Components\SharpDesk\Units;..\..\..\Components\SharpDesk\Forms\;..\..\..\Common\Delphi Components\SharpEFontSelector;..\..\..\Common\Units\SharpFX;..\..\..\Common\Units\SharpFileUtils</DCC_ResourcePath>
    <DCC_ObjPath>..\..\..\Components\SharpDesk\Units;..\..\..\Components\SharpDesk\Forms\;..\..\..\Common\Delphi Components\SharpEFontSelector;..\..\..\Common\Units\SharpFX;..\..\..\Common\Units\SharpFileUtils</DCC_ObjPath>
    <DCC_IncludePath>..\..\..\Components\SharpDesk\Units;..\..\..\Components\SharpDesk\Forms\;..\..\..\Common\Delphi Components\SharpEFontSelector;..\..\..\Common\Units\SharpFX;..\..\..\Common\Units\SharpFileUtils</DCC_IncludePath>
    <DCC_Define>DEBUG</DCC_Define>
  </PropertyGroup>
  <ProjectExtensions>
    <Borland.Personality>Delphi.Personality</Borland.Personality>
    <Borland.ProjectType />
    <BorlandProject>
<BorlandProject xmlns=""> <Delphi.Personality>   <Parameters>
      <Parameters Name="RunParams">-ext .dll</Parameters>
      <Parameters Name="HostApplication">..\..\..\..\SharpE\SharpDesk.exe</Parameters>
      <Parameters Name="UseLauncher">False</Parameters>
      <Parameters Name="LoadAllSymbols">True</Parameters>
      <Parameters Name="LoadUnspecifiedSymbols">False</Parameters>
    </Parameters>
    <VersionInfo>
      <VersionInfo Name="IncludeVerInfo">True</VersionInfo>
      <VersionInfo Name="AutoIncBuild">False</VersionInfo>
      <VersionInfo Name="MajorVer">0</VersionInfo>
      <VersionInfo Name="MinorVer">7</VersionInfo>
      <VersionInfo Name="Release">0</VersionInfo>
      <VersionInfo Name="Build">4</VersionInfo>
      <VersionInfo Name="Debug">False</VersionInfo>
      <VersionInfo Name="PreRelease">False</VersionInfo>
      <VersionInfo Name="Special">False</VersionInfo>
      <VersionInfo Name="Private">False</VersionInfo>
      <VersionInfo Name="DLL">True</VersionInfo>
      <VersionInfo Name="Locale">1031</VersionInfo>
      <VersionInfo Name="CodePage">1252</VersionInfo>
    </VersionInfo>
    <VersionInfoKeys>
      <VersionInfoKeys Name="CompanyName">SharpE Development Team</VersionInfoKeys>
      <VersionInfoKeys Name="FileDescription">Display images on desktop</VersionInfoKeys>
      <VersionInfoKeys Name="FileVersion">0.7.0.4</VersionInfoKeys>
      <VersionInfoKeys Name="InternalName"></VersionInfoKeys>
      <VersionInfoKeys Name="LegalCopyright">SharpE Development Team</VersionInfoKeys>
      <VersionInfoKeys Name="LegalTrademarks"></VersionInfoKeys>
      <VersionInfoKeys Name="OriginalFilename">image.dll</VersionInfoKeys>
      <VersionInfoKeys Name="ProductName">Image Object</VersionInfoKeys>
      <VersionInfoKeys Name="ProductVersion">0.7.0.4</VersionInfoKeys>
      <VersionInfoKeys Name="Author">Billi Berserker</VersionInfoKeys>
    </VersionInfoKeys>
    <Source>
      <Source Name="MainSource">Image.dpr</Source>
    </Source>
  </Delphi.Personality> </BorlandProject></BorlandProject>
  </ProjectExtensions>
  <Import Project="$(MSBuildBinPath)\Borland.Delphi.Targets" />
  <ItemGroup>
    <DelphiCompile Include="Image.dpr">
      <MainSource>MainSource</MainSource>
    </DelphiCompile>
    <DCCReference Include="..\..\..\Common\3rd party\GR32 Addons\GR32_PNG.pas" />
    <DCCReference Include="..\..\..\Common\Libraries\SharpAPI\SharpAPI.pas" />
    <DCCReference Include="..\..\..\Common\Libraries\SharpDeskApi\SharpDeskApi.pas" />
    <DCCReference Include="..\..\..\Common\Libraries\SharpThemeApi\SharpThemeApi.pas" />
    <DCCReference Include="..\..\..\Common\Units\SharpFX\SharpFX.pas" />
    <DCCReference Include="..\..\..\Common\Units\SharpGraphicsUtils\SharpGraphicsUtils.pas" />
    <DCCReference Include="..\..\..\Common\Units\SharpIconUtils\SharpIconUtils.pas" />
    <DCCReference Include="..\..\..\Common\Units\SharpImageUtils\SharpImageUtils.pas" />
    <DCCReference Include="..\..\..\Common\Units\XML\uSharpDeskObjectSettings.pas" />
    <DCCReference Include="ImageObjectXMLSettings.pas" />
    <DCCReference Include="uImageObjectLayer.pas" />
  </ItemGroup>
</Project>