<Project xmlns="http://schemas.microsoft.com/developer/msbuild/2003">
  <PropertyGroup>
    <ProjectGuid>{d7a23641-7e39-4af3-8cf3-fccc5cd53d67}</ProjectGuid>
    <MainSource>Weather.DPR</MainSource>
    <Configuration Condition=" '$(Configuration)' == '' ">Debug</Configuration>
    <Platform Condition=" '$(Platform)' == '' ">AnyCPU</Platform>
    <DCC_DCCCompiler>DCC32</DCC_DCCCompiler>
    <DCC_DependencyCheckOutputName>E:\SharpE\Center\Root\_Services\_Servicedlls\Weather.dll</DCC_DependencyCheckOutputName>
    <DCC_UsePackage>vcl;rtl</DCC_UsePackage>
  </PropertyGroup>
  <PropertyGroup Condition=" '$(Configuration)|$(Platform)' == 'Release|AnyCPU' ">
    <Version>7.0</Version>
    <DCC_DebugInformation>False</DCC_DebugInformation>
    <DCC_LocalDebugSymbols>False</DCC_LocalDebugSymbols>
    <DCC_SymbolReferenceInfo>0</DCC_SymbolReferenceInfo>
    <DCC_ExeOutput>..\..\..\..\SharpE\Center\Root\_Services\_Servicedlls\</DCC_ExeOutput>
    <DCC_UnitSearchPath>..\..\Services\Weather\;..\..\..\Common\Delphi Components\SharpE Skin Components\;..\..\..\Common\Units\SEListboxPainter;..\..\..\Common\3rd Party\GR32 Addons\;..\..\..\Common\Libraries\SharpApi;..\..\..\Common\Units\SharpFx;..\..\..\Common\Delphi Components\SharpEListBoxEx;..\..\..\Common\Units\VistaFuncs;..\..\..\Common\Libraries\SharpCenterApi</DCC_UnitSearchPath>
    <DCC_ResourcePath>..\..\Services\Weather\;..\..\..\Common\Delphi Components\SharpE Skin Components\;..\..\..\Common\Units\SEListboxPainter;..\..\..\Common\3rd Party\GR32 Addons\;..\..\..\Common\Libraries\SharpApi;..\..\..\Common\Units\SharpFx;..\..\..\Common\Delphi Components\SharpEListBoxEx;..\..\..\Common\Units\VistaFuncs;..\..\..\Common\Libraries\SharpCenterApi</DCC_ResourcePath>
    <DCC_ObjPath>..\..\Services\Weather\;..\..\..\Common\Delphi Components\SharpE Skin Components\;..\..\..\Common\Units\SEListboxPainter;..\..\..\Common\3rd Party\GR32 Addons\;..\..\..\Common\Libraries\SharpApi;..\..\..\Common\Units\SharpFx;..\..\..\Common\Delphi Components\SharpEListBoxEx;..\..\..\Common\Units\VistaFuncs;..\..\..\Common\Libraries\SharpCenterApi</DCC_ObjPath>
    <DCC_IncludePath>..\..\Services\Weather\;..\..\..\Common\Delphi Components\SharpE Skin Components\;..\..\..\Common\Units\SEListboxPainter;..\..\..\Common\3rd Party\GR32 Addons\;..\..\..\Common\Libraries\SharpApi;..\..\..\Common\Units\SharpFx;..\..\..\Common\Delphi Components\SharpEListBoxEx;..\..\..\Common\Units\VistaFuncs;..\..\..\Common\Libraries\SharpCenterApi</DCC_IncludePath>
    <DCC_Define>RELEASE</DCC_Define>
  </PropertyGroup>
  <PropertyGroup Condition=" '$(Configuration)|$(Platform)' == 'Debug|AnyCPU' ">
    <Version>7.0</Version>
    <DCC_ExeOutput>..\..\..\..\SharpE\Center\Root\_Services\_Servicedlls\</DCC_ExeOutput>
    <DCC_UnitSearchPath>..\..\Services\Weather\;..\..\..\Common\Delphi Components\SharpE Skin Components\;..\..\..\Common\Units\SEListboxPainter;..\..\..\Common\3rd Party\GR32 Addons\;..\..\..\Common\Libraries\SharpApi;..\..\..\Common\Units\SharpFx;..\..\..\Common\Delphi Components\SharpEListBoxEx;..\..\..\Common\Units\VistaFuncs;..\..\..\Common\Libraries\SharpCenterApi</DCC_UnitSearchPath>
    <DCC_ResourcePath>..\..\Services\Weather\;..\..\..\Common\Delphi Components\SharpE Skin Components\;..\..\..\Common\Units\SEListboxPainter;..\..\..\Common\3rd Party\GR32 Addons\;..\..\..\Common\Libraries\SharpApi;..\..\..\Common\Units\SharpFx;..\..\..\Common\Delphi Components\SharpEListBoxEx;..\..\..\Common\Units\VistaFuncs;..\..\..\Common\Libraries\SharpCenterApi</DCC_ResourcePath>
    <DCC_ObjPath>..\..\Services\Weather\;..\..\..\Common\Delphi Components\SharpE Skin Components\;..\..\..\Common\Units\SEListboxPainter;..\..\..\Common\3rd Party\GR32 Addons\;..\..\..\Common\Libraries\SharpApi;..\..\..\Common\Units\SharpFx;..\..\..\Common\Delphi Components\SharpEListBoxEx;..\..\..\Common\Units\VistaFuncs;..\..\..\Common\Libraries\SharpCenterApi</DCC_ObjPath>
    <DCC_IncludePath>..\..\Services\Weather\;..\..\..\Common\Delphi Components\SharpE Skin Components\;..\..\..\Common\Units\SEListboxPainter;..\..\..\Common\3rd Party\GR32 Addons\;..\..\..\Common\Libraries\SharpApi;..\..\..\Common\Units\SharpFx;..\..\..\Common\Delphi Components\SharpEListBoxEx;..\..\..\Common\Units\VistaFuncs;..\..\..\Common\Libraries\SharpCenterApi</DCC_IncludePath>
    <DCC_Define>DEBUG</DCC_Define>
  </PropertyGroup>
  <ProjectExtensions>
    <Borland.Personality>Delphi.Personality</Borland.Personality>
    <Borland.ProjectType>VCLApplication</Borland.ProjectType>
    <BorlandProject>
<BorlandProject><Delphi.Personality><Parameters><Parameters Name="HostApplication">..\..\..\..\SharpE\SharpCenter.exe</Parameters><Parameters Name="DebugSourceDirs">E:\SVN\Components\SharpCenter\</Parameters><Parameters Name="UseLauncher">False</Parameters><Parameters Name="LoadAllSymbols">True</Parameters><Parameters Name="LoadUnspecifiedSymbols">False</Parameters></Parameters><VersionInfo><VersionInfo Name="IncludeVerInfo">True</VersionInfo><VersionInfo Name="AutoIncBuild">False</VersionInfo><VersionInfo Name="MajorVer">1</VersionInfo><VersionInfo Name="MinorVer">0</VersionInfo><VersionInfo Name="Release">0</VersionInfo><VersionInfo Name="Build">0</VersionInfo><VersionInfo Name="Debug">False</VersionInfo><VersionInfo Name="PreRelease">False</VersionInfo><VersionInfo Name="Special">False</VersionInfo><VersionInfo Name="Private">False</VersionInfo><VersionInfo Name="DLL">False</VersionInfo><VersionInfo Name="Locale">2057</VersionInfo><VersionInfo Name="CodePage">1252</VersionInfo></VersionInfo><VersionInfoKeys><VersionInfoKeys Name="CompanyName"></VersionInfoKeys><VersionInfoKeys Name="FileDescription"></VersionInfoKeys><VersionInfoKeys Name="FileVersion">1.0.0.0</VersionInfoKeys><VersionInfoKeys Name="InternalName"></VersionInfoKeys><VersionInfoKeys Name="LegalCopyright"></VersionInfoKeys><VersionInfoKeys Name="LegalTrademarks"></VersionInfoKeys><VersionInfoKeys Name="OriginalFilename"></VersionInfoKeys><VersionInfoKeys Name="ProductName"></VersionInfoKeys><VersionInfoKeys Name="ProductVersion">1.0.0.0</VersionInfoKeys></VersionInfoKeys><Excluded_Packages></Excluded_Packages><Source><Source Name="MainSource">Weather.DPR</Source></Source></Delphi.Personality></BorlandProject></BorlandProject>
  </ProjectExtensions>
  <Import Project="$(MSBuildBinPath)\Borland.Delphi.Targets" />
  <ItemGroup>
    <DelphiCompile Include="Weather.DPR">
      <MainSource>MainSource</MainSource>
    </DelphiCompile>
    <DCCReference Include="..\..\Services\Weather\uWeatherList.pas" />
    <DCCReference Include="..\..\Services\Weather\uWeatherMgr.pas" />
    <DCCReference Include="..\..\Services\Weather\uWeatherOptions.pas">
      <Form>$E dll</Form>
    </DCCReference>
    <DCCReference Include="uWeatherItemEditWnd.pas">
      <Form>frmItemEdit</Form>
    </DCCReference>
    <DCCReference Include="uWeatherItemsListWnd.pas">
      <Form>frmItemsList</Form>
    </DCCReference>
    <DCCReference Include="uWeatherOptionsWnd.pas">
      <Form>frmWeatherOptions</Form>
    </DCCReference>
  </ItemGroup>
</Project>