<Project xmlns="http://schemas.microsoft.com/developer/msbuild/2003">
  <PropertyGroup>
    <ProjectGuid>{8eeb6410-45db-4594-ac01-e2fc3bc15b10}</ProjectGuid>
    <MainSource>ButtonBar.dpr</MainSource>
    <Configuration Condition=" '$(Configuration)' == '' ">Debug</Configuration>
    <Platform Condition=" '$(Platform)' == '' ">AnyCPU</Platform>
    <DCC_EnabledPackages>true</DCC_EnabledPackages>
    <DCC_UsePackage>vcl;rtl</DCC_UsePackage>
    <DCC_DCCCompiler>DCC32</DCC_DCCCompiler>
    <DCC_DependencyCheckOutputName>C:\SharpE\Modules\ButtonBar.dll</DCC_DependencyCheckOutputName>
  </PropertyGroup>
  <PropertyGroup Condition=" '$(Configuration)|$(Platform)' == 'Release|AnyCPU' ">
    <Version>7.0</Version>
    <DCC_DebugInformation>False</DCC_DebugInformation>
    <DCC_LocalDebugSymbols>False</DCC_LocalDebugSymbols>
    <DCC_SymbolReferenceInfo>0</DCC_SymbolReferenceInfo>
    <DCC_ExeOutput>..\..\..\..\SharpE\Modules</DCC_ExeOutput>
    <DCC_UnitSearchPath>..\..\..\Common\Delphi Components\SharpE Skin Components;..\..\..\Common\Libraries\SharpThemeApi;..\..\..\Common\3rd party\TransparentEdit;..\..\..\Common\3rd party\GR32 Addons;..\..\..\Common\Libraries\SharpAPI;..\..\..\Common\Units\MouseTimer;..\..\..\Common\Units\SharpFX;..\..\..\Components\SharpBar;..\..\..\Common\Libraries\SharpDialogs\;..\..\..\Common\Units\SharpIconUtils;..\..\..\Common\Units\SharpGraphicsUtils;..\..\..\Common\Libraries\SharpCenterAPI</DCC_UnitSearchPath>
    <DCC_ResourcePath>..\..\..\Common\Delphi Components\SharpE Skin Components;..\..\..\Common\Libraries\SharpThemeApi;..\..\..\Common\3rd party\TransparentEdit;..\..\..\Common\3rd party\GR32 Addons;..\..\..\Common\Libraries\SharpAPI;..\..\..\Common\Units\MouseTimer;..\..\..\Common\Units\SharpFX;..\..\..\Components\SharpBar;..\..\..\Common\Libraries\SharpDialogs\;..\..\..\Common\Units\SharpIconUtils;..\..\..\Common\Units\SharpGraphicsUtils;..\..\..\Common\Libraries\SharpCenterAPI</DCC_ResourcePath>
    <DCC_ObjPath>..\..\..\Common\Delphi Components\SharpE Skin Components;..\..\..\Common\Libraries\SharpThemeApi;..\..\..\Common\3rd party\TransparentEdit;..\..\..\Common\3rd party\GR32 Addons;..\..\..\Common\Libraries\SharpAPI;..\..\..\Common\Units\MouseTimer;..\..\..\Common\Units\SharpFX;..\..\..\Components\SharpBar;..\..\..\Common\Libraries\SharpDialogs\;..\..\..\Common\Units\SharpIconUtils;..\..\..\Common\Units\SharpGraphicsUtils;..\..\..\Common\Libraries\SharpCenterAPI</DCC_ObjPath>
    <DCC_IncludePath>..\..\..\Common\Delphi Components\SharpE Skin Components;..\..\..\Common\Libraries\SharpThemeApi;..\..\..\Common\3rd party\TransparentEdit;..\..\..\Common\3rd party\GR32 Addons;..\..\..\Common\Libraries\SharpAPI;..\..\..\Common\Units\MouseTimer;..\..\..\Common\Units\SharpFX;..\..\..\Components\SharpBar;..\..\..\Common\Libraries\SharpDialogs\;..\..\..\Common\Units\SharpIconUtils;..\..\..\Common\Units\SharpGraphicsUtils;..\..\..\Common\Libraries\SharpCenterAPI</DCC_IncludePath>
    <DCC_Define>RELEASE</DCC_Define>
  </PropertyGroup>
  <PropertyGroup Condition=" '$(Configuration)|$(Platform)' == 'Debug|AnyCPU' ">
    <Version>7.0</Version>
    <DCC_ExeOutput>..\..\..\..\SharpE\Modules</DCC_ExeOutput>
    <DCC_UnitSearchPath>..\..\..\Common\Delphi Components\SharpE Skin Components;..\..\..\Common\Libraries\SharpThemeApi;..\..\..\Common\3rd party\TransparentEdit;..\..\..\Common\3rd party\GR32 Addons;..\..\..\Common\Libraries\SharpAPI;..\..\..\Common\Units\MouseTimer;..\..\..\Common\Units\SharpFX;..\..\..\Components\SharpBar;..\..\..\Common\Libraries\SharpDialogs\;..\..\..\Common\Units\SharpIconUtils;..\..\..\Common\Units\SharpGraphicsUtils;..\..\..\Common\Libraries\SharpCenterAPI</DCC_UnitSearchPath>
    <DCC_ResourcePath>..\..\..\Common\Delphi Components\SharpE Skin Components;..\..\..\Common\Libraries\SharpThemeApi;..\..\..\Common\3rd party\TransparentEdit;..\..\..\Common\3rd party\GR32 Addons;..\..\..\Common\Libraries\SharpAPI;..\..\..\Common\Units\MouseTimer;..\..\..\Common\Units\SharpFX;..\..\..\Components\SharpBar;..\..\..\Common\Libraries\SharpDialogs\;..\..\..\Common\Units\SharpIconUtils;..\..\..\Common\Units\SharpGraphicsUtils;..\..\..\Common\Libraries\SharpCenterAPI</DCC_ResourcePath>
    <DCC_ObjPath>..\..\..\Common\Delphi Components\SharpE Skin Components;..\..\..\Common\Libraries\SharpThemeApi;..\..\..\Common\3rd party\TransparentEdit;..\..\..\Common\3rd party\GR32 Addons;..\..\..\Common\Libraries\SharpAPI;..\..\..\Common\Units\MouseTimer;..\..\..\Common\Units\SharpFX;..\..\..\Components\SharpBar;..\..\..\Common\Libraries\SharpDialogs\;..\..\..\Common\Units\SharpIconUtils;..\..\..\Common\Units\SharpGraphicsUtils;..\..\..\Common\Libraries\SharpCenterAPI</DCC_ObjPath>
    <DCC_IncludePath>..\..\..\Common\Delphi Components\SharpE Skin Components;..\..\..\Common\Libraries\SharpThemeApi;..\..\..\Common\3rd party\TransparentEdit;..\..\..\Common\3rd party\GR32 Addons;..\..\..\Common\Libraries\SharpAPI;..\..\..\Common\Units\MouseTimer;..\..\..\Common\Units\SharpFX;..\..\..\Components\SharpBar;..\..\..\Common\Libraries\SharpDialogs\;..\..\..\Common\Units\SharpIconUtils;..\..\..\Common\Units\SharpGraphicsUtils;..\..\..\Common\Libraries\SharpCenterAPI</DCC_IncludePath>
    <DCC_Define>DEBUG</DCC_Define>
  </PropertyGroup>
  <ProjectExtensions>
    <Borland.Personality>Delphi.Personality</Borland.Personality>
    <Borland.ProjectType />
    <BorlandProject>
<BorlandProject><Delphi.Personality><Parameters><Parameters Name="HostApplication">..\..\..\..\SharpE\SharpBar.exe</Parameters><Parameters Name="UseLauncher">False</Parameters><Parameters Name="DebugCWD">..\..\..\..\SharpE\</Parameters><Parameters Name="LoadAllSymbols">True</Parameters><Parameters Name="LoadUnspecifiedSymbols">False</Parameters></Parameters><VersionInfo><VersionInfo Name="IncludeVerInfo">True</VersionInfo><VersionInfo Name="AutoIncBuild">False</VersionInfo><VersionInfo Name="MajorVer">0</VersionInfo><VersionInfo Name="MinorVer">7</VersionInfo><VersionInfo Name="Release">0</VersionInfo><VersionInfo Name="Build">0</VersionInfo><VersionInfo Name="Debug">False</VersionInfo><VersionInfo Name="PreRelease">False</VersionInfo><VersionInfo Name="Special">False</VersionInfo><VersionInfo Name="Private">False</VersionInfo><VersionInfo Name="DLL">False</VersionInfo><VersionInfo Name="Locale">1031</VersionInfo><VersionInfo Name="CodePage">1252</VersionInfo></VersionInfo><VersionInfoKeys><VersionInfoKeys Name="CompanyName"></VersionInfoKeys><VersionInfoKeys Name="FileDescription">SharpBar menu module</VersionInfoKeys><VersionInfoKeys Name="FileVersion">0.7.0.0</VersionInfoKeys><VersionInfoKeys Name="InternalName">Menu Module</VersionInfoKeys><VersionInfoKeys Name="LegalCopyright">SharpE Development Team</VersionInfoKeys><VersionInfoKeys Name="LegalTrademarks"></VersionInfoKeys><VersionInfoKeys Name="OriginalFilename">SharpMenu.dll</VersionInfoKeys><VersionInfoKeys Name="ProductName">SharpMenu Module</VersionInfoKeys><VersionInfoKeys Name="ProductVersion">0.7.0.0</VersionInfoKeys><VersionInfoKeys Name="Comments"></VersionInfoKeys></VersionInfoKeys><Source><Source Name="MainSource">ButtonBar.dpr</Source></Source></Delphi.Personality></BorlandProject></BorlandProject>
  </ProjectExtensions>
  <Import Project="$(MSBuildBinPath)\Borland.Delphi.Targets" />
  <ItemGroup>
    <DelphiCompile Include="ButtonBar.dpr">
      <MainSource>MainSource</MainSource>
    </DelphiCompile>
    <DCCReference Include="..\..\..\Common\Units\SharpFileUtils\SharpFileUtils.pas" />
    <DCCReference Include="..\..\..\Common\Units\ToolTipApi\ToolTipApi.pas" />
    <DCCReference Include="ButtonAddWnd.pas">
      <Form>ButtonAddForm</Form>
    </DCCReference>
    <DCCReference Include="MainWnd.pas">
      <Form>MainForm</Form>
    </DCCReference>
    <DCCReference Include="SettingsWnd.pas">
      <Form>SettingsForm</Form>
    </DCCReference>
  </ItemGroup>
</Project>