<Project xmlns="http://schemas.microsoft.com/developer/msbuild/2003">
  <PropertyGroup>
    <ProjectGuid>{bbc91125-0af3-4edb-bcbc-d733acd15247}</ProjectGuid>
    <MainSource>SharpSkin.dpr</MainSource>
    <Configuration Condition=" '$(Configuration)' == '' ">Debug</Configuration>
    <Platform Condition=" '$(Platform)' == '' ">AnyCPU</Platform>
    <DCC_EnabledPackages>true</DCC_EnabledPackages>
    <DCC_UsePackage>vcl;rtl</DCC_UsePackage>
    <DCC_DCCCompiler>DCC32</DCC_DCCCompiler>
    <DCC_DependencyCheckOutputName>..\..\..\SharpE\SharpSkin.exe</DCC_DependencyCheckOutputName>
  </PropertyGroup>
  <PropertyGroup Condition=" '$(Configuration)|$(Platform)' == 'Release|AnyCPU' ">
    <Version>7.0</Version>
    <DCC_DebugInformation>False</DCC_DebugInformation>
    <DCC_LocalDebugSymbols>False</DCC_LocalDebugSymbols>
    <DCC_SymbolReferenceInfo>0</DCC_SymbolReferenceInfo>
    <DCC_ExeOutput>..\..\..\SharpE\</DCC_ExeOutput>
    <DCC_UnitSearchPath>..\..\Common\Delphi Components\SharpE Skin Components;..\..\Common\Libraries\SharpThemeApi;..\..\Common\3rd party\TransparentEdit;..\..\Common\Delphi Components\SharpECenterScheme;..\..\Common\Units\VistaFuncs;..\..\Plugins\Configurations\Scheme;..\..\Common\Delphi Components\SharpEColorPicker;..\..\Common\Units\SharpGraphicsUtils;..\..\Common\Libraries\SharpCenterApi</DCC_UnitSearchPath>
    <DCC_ResourcePath>..\..\Common\Delphi Components\SharpE Skin Components;..\..\Common\Libraries\SharpThemeApi;..\..\Common\3rd party\TransparentEdit;..\..\Common\Delphi Components\SharpECenterScheme;..\..\Common\Units\VistaFuncs;..\..\Plugins\Configurations\Scheme;..\..\Common\Delphi Components\SharpEColorPicker;..\..\Common\Units\SharpGraphicsUtils;..\..\Common\Libraries\SharpCenterApi</DCC_ResourcePath>
    <DCC_ObjPath>..\..\Common\Delphi Components\SharpE Skin Components;..\..\Common\Libraries\SharpThemeApi;..\..\Common\3rd party\TransparentEdit;..\..\Common\Delphi Components\SharpECenterScheme;..\..\Common\Units\VistaFuncs;..\..\Plugins\Configurations\Scheme;..\..\Common\Delphi Components\SharpEColorPicker;..\..\Common\Units\SharpGraphicsUtils;..\..\Common\Libraries\SharpCenterApi</DCC_ObjPath>
    <DCC_IncludePath>..\..\Common\Delphi Components\SharpE Skin Components;..\..\Common\Libraries\SharpThemeApi;..\..\Common\3rd party\TransparentEdit;..\..\Common\Delphi Components\SharpECenterScheme;..\..\Common\Units\VistaFuncs;..\..\Plugins\Configurations\Scheme;..\..\Common\Delphi Components\SharpEColorPicker;..\..\Common\Units\SharpGraphicsUtils;..\..\Common\Libraries\SharpCenterApi</DCC_IncludePath>
    <DCC_Define>RELEASE</DCC_Define>
  </PropertyGroup>
  <PropertyGroup Condition=" '$(Configuration)|$(Platform)' == 'Debug|AnyCPU' ">
    <Version>7.0</Version>
    <DCC_ExeOutput>..\..\..\SharpE\</DCC_ExeOutput>
    <DCC_UnitSearchPath>..\..\Common\Delphi Components\SharpE Skin Components;..\..\Common\Libraries\SharpThemeApi;..\..\Common\3rd party\TransparentEdit;..\..\Common\Delphi Components\SharpECenterScheme;..\..\Common\Units\VistaFuncs;..\..\Plugins\Configurations\Scheme;..\..\Common\Delphi Components\SharpEColorPicker;..\..\Common\Units\SharpGraphicsUtils;..\..\Common\Libraries\SharpCenterApi</DCC_UnitSearchPath>
    <DCC_ResourcePath>..\..\Common\Delphi Components\SharpE Skin Components;..\..\Common\Libraries\SharpThemeApi;..\..\Common\3rd party\TransparentEdit;..\..\Common\Delphi Components\SharpECenterScheme;..\..\Common\Units\VistaFuncs;..\..\Plugins\Configurations\Scheme;..\..\Common\Delphi Components\SharpEColorPicker;..\..\Common\Units\SharpGraphicsUtils;..\..\Common\Libraries\SharpCenterApi</DCC_ResourcePath>
    <DCC_ObjPath>..\..\Common\Delphi Components\SharpE Skin Components;..\..\Common\Libraries\SharpThemeApi;..\..\Common\3rd party\TransparentEdit;..\..\Common\Delphi Components\SharpECenterScheme;..\..\Common\Units\VistaFuncs;..\..\Plugins\Configurations\Scheme;..\..\Common\Delphi Components\SharpEColorPicker;..\..\Common\Units\SharpGraphicsUtils;..\..\Common\Libraries\SharpCenterApi</DCC_ObjPath>
    <DCC_IncludePath>..\..\Common\Delphi Components\SharpE Skin Components;..\..\Common\Libraries\SharpThemeApi;..\..\Common\3rd party\TransparentEdit;..\..\Common\Delphi Components\SharpECenterScheme;..\..\Common\Units\VistaFuncs;..\..\Plugins\Configurations\Scheme;..\..\Common\Delphi Components\SharpEColorPicker;..\..\Common\Units\SharpGraphicsUtils;..\..\Common\Libraries\SharpCenterApi</DCC_IncludePath>
    <DCC_Define>DEBUG</DCC_Define>
  </PropertyGroup>
  <ProjectExtensions>
    <Borland.Personality>Delphi.Personality</Borland.Personality>
    <Borland.ProjectType />
    <BorlandProject>
<BorlandProject xmlns=""> <Delphi.Personality>   <Parameters>
      <Parameters Name="UseLauncher">False</Parameters>
      <Parameters Name="LoadAllSymbols">True</Parameters>
      <Parameters Name="LoadUnspecifiedSymbols">False</Parameters>
    </Parameters>
    <VersionInfo>
      <VersionInfo Name="IncludeVerInfo">True</VersionInfo>
      <VersionInfo Name="AutoIncBuild">False</VersionInfo>
      <VersionInfo Name="MajorVer">0</VersionInfo>
      <VersionInfo Name="MinorVer">7</VersionInfo>
      <VersionInfo Name="Release">1</VersionInfo>
      <VersionInfo Name="Build">0</VersionInfo>
      <VersionInfo Name="Debug">False</VersionInfo>
      <VersionInfo Name="PreRelease">False</VersionInfo>
      <VersionInfo Name="Special">False</VersionInfo>
      <VersionInfo Name="Private">False</VersionInfo>
      <VersionInfo Name="DLL">False</VersionInfo>
      <VersionInfo Name="Locale">1031</VersionInfo>
      <VersionInfo Name="CodePage">1252</VersionInfo>
    </VersionInfo>
    <VersionInfoKeys>
      <VersionInfoKeys Name="CompanyName">SharpE-Shell Development Team</VersionInfoKeys>
      <VersionInfoKeys Name="FileDescription">Skin Development Software for the skin system of the SharpE Shell</VersionInfoKeys>
      <VersionInfoKeys Name="FileVersion">0.7.1.0</VersionInfoKeys>
      <VersionInfoKeys Name="InternalName">SharpSkin</VersionInfoKeys>
      <VersionInfoKeys Name="LegalCopyright">Martin Kraemer (2006) &lt;MartinKraemer@gmx.net&gt;</VersionInfoKeys>
      <VersionInfoKeys Name="LegalTrademarks"></VersionInfoKeys>
      <VersionInfoKeys Name="OriginalFilename">SharpSkin.exe</VersionInfoKeys>
      <VersionInfoKeys Name="ProductName">SharpSkin</VersionInfoKeys>
      <VersionInfoKeys Name="ProductVersion">0.7.1.0</VersionInfoKeys>
      <VersionInfoKeys Name="Comments"></VersionInfoKeys>
    </VersionInfoKeys>
    <Excluded_Packages>
      
      
      <Excluded_Packages Name="C:\Users\Lee Green\Documents\Borland Studio Projects\Bpl\PngComponentsD9.bpl">Png components</Excluded_Packages>
    </Excluded_Packages>
    <Source>
      <Source Name="MainSource">SharpSkin.dpr</Source>
    </Source>
  </Delphi.Personality> </BorlandProject></BorlandProject>
  </ProjectExtensions>
  <ItemGroup />
  <ItemGroup>
    <DelphiCompile Include="SharpSkin.dpr">
      <MainSource>MainSource</MainSource>
    </DelphiCompile>
    <DCCReference Include="..\..\Common\3rd party\GR32 Addons\GR32_PNG.pas" />
    <DCCReference Include="..\..\Common\Libraries\SharpAPI\SharpAPI.pas" />
    <DCCReference Include="..\..\Common\Units\SharpFX\graphicsFX.pas" />
    <DCCReference Include="..\..\Common\Units\SharpFX\SharpFX.pas" />
    <DCCReference Include="Forms\AboutWnd.pas">
      <Form>AboutForm</Form>
    </DCCReference>
    <DCCReference Include="Forms\BarForm.pas">
      <Form>BarWnd</Form>
    </DCCReference>
    <DCCReference Include="Forms\MainForm.pas">
      <Form>Form1</Form>
    </DCCReference>
    <DCCReference Include="Forms\QuickHelpWnd.pas">
      <Form>QuickHelpForm</Form>
    </DCCReference>
    <DCCReference Include="Forms\SchemeEditWnd.pas">
      <Form>SchemeEditForm</Form>
    </DCCReference>
    <DCCReference Include="Units\Defaults.pas" />
  </ItemGroup>
  <Import Project="$(MSBuildBinPath)\Borland.Delphi.Targets" />
</Project>