<?xml version="1.0" encoding="utf-8"?>
<Project xmlns="http://schemas.microsoft.com/developer/msbuild/2003">
  <PropertyGroup>
    <ProjectGuid>{95fc47df-8d83-4363-bb4f-78f1ffdea869}</ProjectGuid>
    <MainSource>AlarmClock.dpr</MainSource>
    <Configuration Condition=" '$(Configuration)' == '' ">Debug</Configuration>
    <Platform Condition=" '$(Platform)' == '' ">AnyCPU</Platform>
    <DCC_UsePackage>vcl</DCC_UsePackage>
    <DCC_DCCCompiler>DCC32</DCC_DCCCompiler>
    <DCC_DependencyCheckOutputName>..\..\..\..\..\SharpE\Center\Root\_Modules\_ModuleDlls\AlarmClock.dll</DCC_DependencyCheckOutputName>
  </PropertyGroup>
  <PropertyGroup Condition=" '$(Configuration)|$(Platform)' == 'Release|AnyCPU' ">
    <Version>7.0</Version>
    <DCC_DebugInformation>False</DCC_DebugInformation>
    <DCC_LocalDebugSymbols>False</DCC_LocalDebugSymbols>
    <DCC_SymbolReferenceInfo>0</DCC_SymbolReferenceInfo>
    <DCC_ExeOutput>..\..\..\..\..\SharpE\Center\Root\_Modules\_ModuleDlls\</DCC_ExeOutput>
    <DCC_UnitSearchPath>..\..\..\..\Common\3rd Party\GR32;..\..\..\..\Common\3rd party\GR32 Addons;..\..\..\..\Common\3rd party\Jedi;..\..\..\..\Components\SharpBar;..\..\..\..\Components\SharpDesk\Units;..\..\..\..\Components\SharpMenu\;..\..\..\..\Components\SharpMenu\Forms;..\..\..\..\Components\SharpMenu\Units;..\..\..\..\Common\Interfaces;..\..\..\..\Common\Libraries\SharpApi;..\..\..\..\Common\Libraries\SharpAPIEx;..\..\..\..\Common\Libraries\SharpCenterApi;..\..\..\..\Common\Libraries\SharpDialogs;..\..\..\..\Common\Libraries\SharpThemeApiEx;..\..\..\..\Common\Delphi Components\SharpE Skin Components;..\..\..\..\Common\Delphi Components\SharpECenterHeader;..\..\..\..\Common\Delphi Components\SharpEColorEditor;..\..\..\..\Common\Delphi Components\SharpEColorEditorEx;..\..\..\..\Common\Delphi Components\SharpEColorPicker;..\..\..\..\Common\Delphi Components\SharpEGaugeBox;..\..\..\..\Common\Delphi Components\SharpEHotkeyEdit;..\..\..\..\Common\Delphi Components\SharpEListBoxEx;..\..\..\..\Common\Delphi Components\SharpEPageControl;..\..\..\..\Common\Delphi Components\SharpERoundPanel;..\..\..\..\Common\Delphi Components\SharpESwatchCollection;..\..\..\..\Common\Delphi Components\SharpESwatchManager;..\..\..\..\Common\Delphi Components\SharpETabList;..\..\..\..\Common\Units\ControlPanelItems;..\..\..\..\Common\Units\DebugDialog;..\..\..\..\Common\Units\PropertyList;..\..\..\..\Common\Units\SCHotkeyManager;..\..\..\..\Common\Units\SharpFileUtils;..\..\..\..\Common\Units\SharpIconUtils;..\..\..\..\Common\Units\SharpFX;..\..\..\..\Common\Units\SharpGraphicsUtils;..\..\..\..\Common\Units\SharpTypes;..\..\..\..\Common\Units\VistaFuncs;..\..\..\..\Components\SharpCenter;..\..\..\..\Common\3rd Party\TransparentEdit;..\..\..\..\Common\Units\SystemFuncs;..\..\..\..\Common\Units\XML</DCC_UnitSearchPath>
    <DCC_ResourcePath>..\..\..\..\Common\3rd Party\GR32;..\..\..\..\Common\3rd party\GR32 Addons;..\..\..\..\Common\3rd party\Jedi;..\..\..\..\Components\SharpBar;..\..\..\..\Components\SharpDesk\Units;..\..\..\..\Components\SharpMenu\;..\..\..\..\Components\SharpMenu\Forms;..\..\..\..\Components\SharpMenu\Units;..\..\..\..\Common\Interfaces;..\..\..\..\Common\Libraries\SharpApi;..\..\..\..\Common\Libraries\SharpAPIEx;..\..\..\..\Common\Libraries\SharpCenterApi;..\..\..\..\Common\Libraries\SharpDialogs;..\..\..\..\Common\Libraries\SharpThemeApiEx;..\..\..\..\Common\Delphi Components\SharpE Skin Components;..\..\..\..\Common\Delphi Components\SharpECenterHeader;..\..\..\..\Common\Delphi Components\SharpEColorEditor;..\..\..\..\Common\Delphi Components\SharpEColorEditorEx;..\..\..\..\Common\Delphi Components\SharpEColorPicker;..\..\..\..\Common\Delphi Components\SharpEGaugeBox;..\..\..\..\Common\Delphi Components\SharpEHotkeyEdit;..\..\..\..\Common\Delphi Components\SharpEListBoxEx;..\..\..\..\Common\Delphi Components\SharpEPageControl;..\..\..\..\Common\Delphi Components\SharpERoundPanel;..\..\..\..\Common\Delphi Components\SharpESwatchCollection;..\..\..\..\Common\Delphi Components\SharpESwatchManager;..\..\..\..\Common\Delphi Components\SharpETabList;..\..\..\..\Common\Units\ControlPanelItems;..\..\..\..\Common\Units\DebugDialog;..\..\..\..\Common\Units\PropertyList;..\..\..\..\Common\Units\SCHotkeyManager;..\..\..\..\Common\Units\SharpFileUtils;..\..\..\..\Common\Units\SharpIconUtils;..\..\..\..\Common\Units\SharpFX;..\..\..\..\Common\Units\SharpGraphicsUtils;..\..\..\..\Common\Units\SharpTypes;..\..\..\..\Common\Units\VistaFuncs;..\..\..\..\Components\SharpCenter;..\..\..\..\Common\3rd Party\TransparentEdit;..\..\..\..\Common\Units\SystemFuncs;..\..\..\..\Common\Units\XML</DCC_ResourcePath>
    <DCC_ObjPath>..\..\..\..\Common\3rd Party\GR32;..\..\..\..\Common\3rd party\GR32 Addons;..\..\..\..\Common\3rd party\Jedi;..\..\..\..\Components\SharpBar;..\..\..\..\Components\SharpDesk\Units;..\..\..\..\Components\SharpMenu\;..\..\..\..\Components\SharpMenu\Forms;..\..\..\..\Components\SharpMenu\Units;..\..\..\..\Common\Interfaces;..\..\..\..\Common\Libraries\SharpApi;..\..\..\..\Common\Libraries\SharpAPIEx;..\..\..\..\Common\Libraries\SharpCenterApi;..\..\..\..\Common\Libraries\SharpDialogs;..\..\..\..\Common\Libraries\SharpThemeApiEx;..\..\..\..\Common\Delphi Components\SharpE Skin Components;..\..\..\..\Common\Delphi Components\SharpECenterHeader;..\..\..\..\Common\Delphi Components\SharpEColorEditor;..\..\..\..\Common\Delphi Components\SharpEColorEditorEx;..\..\..\..\Common\Delphi Components\SharpEColorPicker;..\..\..\..\Common\Delphi Components\SharpEGaugeBox;..\..\..\..\Common\Delphi Components\SharpEHotkeyEdit;..\..\..\..\Common\Delphi Components\SharpEListBoxEx;..\..\..\..\Common\Delphi Components\SharpEPageControl;..\..\..\..\Common\Delphi Components\SharpERoundPanel;..\..\..\..\Common\Delphi Components\SharpESwatchCollection;..\..\..\..\Common\Delphi Components\SharpESwatchManager;..\..\..\..\Common\Delphi Components\SharpETabList;..\..\..\..\Common\Units\ControlPanelItems;..\..\..\..\Common\Units\DebugDialog;..\..\..\..\Common\Units\PropertyList;..\..\..\..\Common\Units\SCHotkeyManager;..\..\..\..\Common\Units\SharpFileUtils;..\..\..\..\Common\Units\SharpIconUtils;..\..\..\..\Common\Units\SharpFX;..\..\..\..\Common\Units\SharpGraphicsUtils;..\..\..\..\Common\Units\SharpTypes;..\..\..\..\Common\Units\VistaFuncs;..\..\..\..\Components\SharpCenter;..\..\..\..\Common\3rd Party\TransparentEdit;..\..\..\..\Common\Units\SystemFuncs;..\..\..\..\Common\Units\XML</DCC_ObjPath>
    <DCC_IncludePath>..\..\..\..\Common\3rd Party\GR32;..\..\..\..\Common\3rd party\GR32 Addons;..\..\..\..\Common\3rd party\Jedi;..\..\..\..\Components\SharpBar;..\..\..\..\Components\SharpDesk\Units;..\..\..\..\Components\SharpMenu\;..\..\..\..\Components\SharpMenu\Forms;..\..\..\..\Components\SharpMenu\Units;..\..\..\..\Common\Interfaces;..\..\..\..\Common\Libraries\SharpApi;..\..\..\..\Common\Libraries\SharpAPIEx;..\..\..\..\Common\Libraries\SharpCenterApi;..\..\..\..\Common\Libraries\SharpDialogs;..\..\..\..\Common\Libraries\SharpThemeApiEx;..\..\..\..\Common\Delphi Components\SharpE Skin Components;..\..\..\..\Common\Delphi Components\SharpECenterHeader;..\..\..\..\Common\Delphi Components\SharpEColorEditor;..\..\..\..\Common\Delphi Components\SharpEColorEditorEx;..\..\..\..\Common\Delphi Components\SharpEColorPicker;..\..\..\..\Common\Delphi Components\SharpEGaugeBox;..\..\..\..\Common\Delphi Components\SharpEHotkeyEdit;..\..\..\..\Common\Delphi Components\SharpEListBoxEx;..\..\..\..\Common\Delphi Components\SharpEPageControl;..\..\..\..\Common\Delphi Components\SharpERoundPanel;..\..\..\..\Common\Delphi Components\SharpESwatchCollection;..\..\..\..\Common\Delphi Components\SharpESwatchManager;..\..\..\..\Common\Delphi Components\SharpETabList;..\..\..\..\Common\Units\ControlPanelItems;..\..\..\..\Common\Units\DebugDialog;..\..\..\..\Common\Units\PropertyList;..\..\..\..\Common\Units\SCHotkeyManager;..\..\..\..\Common\Units\SharpFileUtils;..\..\..\..\Common\Units\SharpIconUtils;..\..\..\..\Common\Units\SharpFX;..\..\..\..\Common\Units\SharpGraphicsUtils;..\..\..\..\Common\Units\SharpTypes;..\..\..\..\Common\Units\VistaFuncs;..\..\..\..\Components\SharpCenter;..\..\..\..\Common\3rd Party\TransparentEdit;..\..\..\..\Common\Units\SystemFuncs;..\..\..\..\Common\Units\XML</DCC_IncludePath>
    <DCC_Define>RELEASE</DCC_Define>
  </PropertyGroup>
  <PropertyGroup Condition=" '$(Configuration)|$(Platform)' == 'Debug|AnyCPU' ">
    <Version>7.0</Version>
    <DCC_ExeOutput>..\..\..\..\..\SharpE\Center\Root\_Modules\_ModuleDlls\</DCC_ExeOutput>
    <DCC_UnitSearchPath>..\..\..\..\Common\3rd Party\GR32;..\..\..\..\Common\3rd party\GR32 Addons;..\..\..\..\Common\3rd party\Jedi;..\..\..\..\Components\SharpBar;..\..\..\..\Components\SharpDesk\Units;..\..\..\..\Components\SharpMenu\;..\..\..\..\Components\SharpMenu\Forms;..\..\..\..\Components\SharpMenu\Units;..\..\..\..\Common\Interfaces;..\..\..\..\Common\Libraries\SharpApi;..\..\..\..\Common\Libraries\SharpAPIEx;..\..\..\..\Common\Libraries\SharpCenterApi;..\..\..\..\Common\Libraries\SharpDialogs;..\..\..\..\Common\Libraries\SharpThemeApiEx;..\..\..\..\Common\Delphi Components\SharpE Skin Components;..\..\..\..\Common\Delphi Components\SharpECenterHeader;..\..\..\..\Common\Delphi Components\SharpEColorEditor;..\..\..\..\Common\Delphi Components\SharpEColorEditorEx;..\..\..\..\Common\Delphi Components\SharpEColorPicker;..\..\..\..\Common\Delphi Components\SharpEGaugeBox;..\..\..\..\Common\Delphi Components\SharpEHotkeyEdit;..\..\..\..\Common\Delphi Components\SharpEListBoxEx;..\..\..\..\Common\Delphi Components\SharpEPageControl;..\..\..\..\Common\Delphi Components\SharpERoundPanel;..\..\..\..\Common\Delphi Components\SharpESwatchCollection;..\..\..\..\Common\Delphi Components\SharpESwatchManager;..\..\..\..\Common\Delphi Components\SharpETabList;..\..\..\..\Common\Units\ControlPanelItems;..\..\..\..\Common\Units\DebugDialog;..\..\..\..\Common\Units\PropertyList;..\..\..\..\Common\Units\SCHotkeyManager;..\..\..\..\Common\Units\SharpFileUtils;..\..\..\..\Common\Units\SharpIconUtils;..\..\..\..\Common\Units\SharpFX;..\..\..\..\Common\Units\SharpGraphicsUtils;..\..\..\..\Common\Units\SharpTypes;..\..\..\..\Common\Units\VistaFuncs;..\..\..\..\Components\SharpCenter;..\..\..\..\Common\3rd Party\TransparentEdit;..\..\..\..\Common\Units\SystemFuncs;..\..\..\..\Common\Units\XML</DCC_UnitSearchPath>
    <DCC_ResourcePath>..\..\..\..\Common\3rd Party\GR32;..\..\..\..\Common\3rd party\GR32 Addons;..\..\..\..\Common\3rd party\Jedi;..\..\..\..\Components\SharpBar;..\..\..\..\Components\SharpDesk\Units;..\..\..\..\Components\SharpMenu\;..\..\..\..\Components\SharpMenu\Forms;..\..\..\..\Components\SharpMenu\Units;..\..\..\..\Common\Interfaces;..\..\..\..\Common\Libraries\SharpApi;..\..\..\..\Common\Libraries\SharpAPIEx;..\..\..\..\Common\Libraries\SharpCenterApi;..\..\..\..\Common\Libraries\SharpDialogs;..\..\..\..\Common\Libraries\SharpThemeApiEx;..\..\..\..\Common\Delphi Components\SharpE Skin Components;..\..\..\..\Common\Delphi Components\SharpECenterHeader;..\..\..\..\Common\Delphi Components\SharpEColorEditor;..\..\..\..\Common\Delphi Components\SharpEColorEditorEx;..\..\..\..\Common\Delphi Components\SharpEColorPicker;..\..\..\..\Common\Delphi Components\SharpEGaugeBox;..\..\..\..\Common\Delphi Components\SharpEHotkeyEdit;..\..\..\..\Common\Delphi Components\SharpEListBoxEx;..\..\..\..\Common\Delphi Components\SharpEPageControl;..\..\..\..\Common\Delphi Components\SharpERoundPanel;..\..\..\..\Common\Delphi Components\SharpESwatchCollection;..\..\..\..\Common\Delphi Components\SharpESwatchManager;..\..\..\..\Common\Delphi Components\SharpETabList;..\..\..\..\Common\Units\ControlPanelItems;..\..\..\..\Common\Units\DebugDialog;..\..\..\..\Common\Units\PropertyList;..\..\..\..\Common\Units\SCHotkeyManager;..\..\..\..\Common\Units\SharpFileUtils;..\..\..\..\Common\Units\SharpIconUtils;..\..\..\..\Common\Units\SharpFX;..\..\..\..\Common\Units\SharpGraphicsUtils;..\..\..\..\Common\Units\SharpTypes;..\..\..\..\Common\Units\VistaFuncs;..\..\..\..\Components\SharpCenter;..\..\..\..\Common\3rd Party\TransparentEdit;..\..\..\..\Common\Units\SystemFuncs;..\..\..\..\Common\Units\XML</DCC_ResourcePath>
    <DCC_ObjPath>..\..\..\..\Common\3rd Party\GR32;..\..\..\..\Common\3rd party\GR32 Addons;..\..\..\..\Common\3rd party\Jedi;..\..\..\..\Components\SharpBar;..\..\..\..\Components\SharpDesk\Units;..\..\..\..\Components\SharpMenu\;..\..\..\..\Components\SharpMenu\Forms;..\..\..\..\Components\SharpMenu\Units;..\..\..\..\Common\Interfaces;..\..\..\..\Common\Libraries\SharpApi;..\..\..\..\Common\Libraries\SharpAPIEx;..\..\..\..\Common\Libraries\SharpCenterApi;..\..\..\..\Common\Libraries\SharpDialogs;..\..\..\..\Common\Libraries\SharpThemeApiEx;..\..\..\..\Common\Delphi Components\SharpE Skin Components;..\..\..\..\Common\Delphi Components\SharpECenterHeader;..\..\..\..\Common\Delphi Components\SharpEColorEditor;..\..\..\..\Common\Delphi Components\SharpEColorEditorEx;..\..\..\..\Common\Delphi Components\SharpEColorPicker;..\..\..\..\Common\Delphi Components\SharpEGaugeBox;..\..\..\..\Common\Delphi Components\SharpEHotkeyEdit;..\..\..\..\Common\Delphi Components\SharpEListBoxEx;..\..\..\..\Common\Delphi Components\SharpEPageControl;..\..\..\..\Common\Delphi Components\SharpERoundPanel;..\..\..\..\Common\Delphi Components\SharpESwatchCollection;..\..\..\..\Common\Delphi Components\SharpESwatchManager;..\..\..\..\Common\Delphi Components\SharpETabList;..\..\..\..\Common\Units\ControlPanelItems;..\..\..\..\Common\Units\DebugDialog;..\..\..\..\Common\Units\PropertyList;..\..\..\..\Common\Units\SCHotkeyManager;..\..\..\..\Common\Units\SharpFileUtils;..\..\..\..\Common\Units\SharpIconUtils;..\..\..\..\Common\Units\SharpFX;..\..\..\..\Common\Units\SharpGraphicsUtils;..\..\..\..\Common\Units\SharpTypes;..\..\..\..\Common\Units\VistaFuncs;..\..\..\..\Components\SharpCenter;..\..\..\..\Common\3rd Party\TransparentEdit;..\..\..\..\Common\Units\SystemFuncs;..\..\..\..\Common\Units\XML</DCC_ObjPath>
    <DCC_IncludePath>..\..\..\..\Common\3rd Party\GR32;..\..\..\..\Common\3rd party\GR32 Addons;..\..\..\..\Common\3rd party\Jedi;..\..\..\..\Components\SharpBar;..\..\..\..\Components\SharpDesk\Units;..\..\..\..\Components\SharpMenu\;..\..\..\..\Components\SharpMenu\Forms;..\..\..\..\Components\SharpMenu\Units;..\..\..\..\Common\Interfaces;..\..\..\..\Common\Libraries\SharpApi;..\..\..\..\Common\Libraries\SharpAPIEx;..\..\..\..\Common\Libraries\SharpCenterApi;..\..\..\..\Common\Libraries\SharpDialogs;..\..\..\..\Common\Libraries\SharpThemeApiEx;..\..\..\..\Common\Delphi Components\SharpE Skin Components;..\..\..\..\Common\Delphi Components\SharpECenterHeader;..\..\..\..\Common\Delphi Components\SharpEColorEditor;..\..\..\..\Common\Delphi Components\SharpEColorEditorEx;..\..\..\..\Common\Delphi Components\SharpEColorPicker;..\..\..\..\Common\Delphi Components\SharpEGaugeBox;..\..\..\..\Common\Delphi Components\SharpEHotkeyEdit;..\..\..\..\Common\Delphi Components\SharpEListBoxEx;..\..\..\..\Common\Delphi Components\SharpEPageControl;..\..\..\..\Common\Delphi Components\SharpERoundPanel;..\..\..\..\Common\Delphi Components\SharpESwatchCollection;..\..\..\..\Common\Delphi Components\SharpESwatchManager;..\..\..\..\Common\Delphi Components\SharpETabList;..\..\..\..\Common\Units\ControlPanelItems;..\..\..\..\Common\Units\DebugDialog;..\..\..\..\Common\Units\PropertyList;..\..\..\..\Common\Units\SCHotkeyManager;..\..\..\..\Common\Units\SharpFileUtils;..\..\..\..\Common\Units\SharpIconUtils;..\..\..\..\Common\Units\SharpFX;..\..\..\..\Common\Units\SharpGraphicsUtils;..\..\..\..\Common\Units\SharpTypes;..\..\..\..\Common\Units\VistaFuncs;..\..\..\..\Components\SharpCenter;..\..\..\..\Common\3rd Party\TransparentEdit;..\..\..\..\Common\Units\SystemFuncs;..\..\..\..\Common\Units\XML</DCC_IncludePath>
    <DCC_Define>DEBUG</DCC_Define>
    <DCC_MapFile>3</DCC_MapFile>
  </PropertyGroup>
  <ProjectExtensions>
    <Borland.Personality>Delphi.Personality</Borland.Personality>
    <Borland.ProjectType />
    <BorlandProject>
<BorlandProject><Delphi.Personality><Parameters><Parameters Name="HostApplication">..\..\..\..\..\SharpE\SharpCenter.exe</Parameters><Parameters Name="UseLauncher">False</Parameters><Parameters Name="LoadAllSymbols">True</Parameters><Parameters Name="LoadUnspecifiedSymbols">False</Parameters></Parameters><VersionInfo><VersionInfo Name="IncludeVerInfo">False</VersionInfo><VersionInfo Name="AutoIncBuild">False</VersionInfo><VersionInfo Name="MajorVer">1</VersionInfo><VersionInfo Name="MinorVer">0</VersionInfo><VersionInfo Name="Release">0</VersionInfo><VersionInfo Name="Build">0</VersionInfo><VersionInfo Name="Debug">False</VersionInfo><VersionInfo Name="PreRelease">False</VersionInfo><VersionInfo Name="Special">False</VersionInfo><VersionInfo Name="Private">False</VersionInfo><VersionInfo Name="DLL">False</VersionInfo><VersionInfo Name="Locale">2057</VersionInfo><VersionInfo Name="CodePage">1252</VersionInfo></VersionInfo><VersionInfoKeys><VersionInfoKeys Name="FileVersion">1.0.0.0</VersionInfoKeys><VersionInfoKeys Name="ProductVersion">1.0.0.0</VersionInfoKeys></VersionInfoKeys><Source><Source Name="MainSource">AlarmClock.dpr</Source></Source><Excluded_Packages>
      
      
      
      <Excluded_Packages Name="C:\Users\Public\Documents\RAD Studio\5.0\Bpl\Graphics32.bpl">Datei C:\Users\Public\Documents\RAD Studio\5.0\Bpl\Graphics32.bpl nicht gefunden</Excluded_Packages>
    </Excluded_Packages></Delphi.Personality></BorlandProject></BorlandProject>
  </ProjectExtensions>
  <Import Project="$(MSBuildBinPath)\Borland.Delphi.Targets" />
  <PropertyGroup>
    <PostBuildEvent>if $(Configuration)==Debug "..\..\..\..\Common\3rd party\Jedi\MakeJclDbg.exe" -E "$(OUTPUTDIR)$(OUTPUTNAME).map"
if $(Configuration)==Debug del "$(OUTPUTDIR)$(OUTPUTNAME).map"</PostBuildEvent>
  </PropertyGroup>
  <ItemGroup>
    <DelphiCompile Include="AlarmClock.dpr">
      <MainSource>MainSource</MainSource>
    </DelphiCompile>
    <DCCReference Include="..\..\..\..\Common\Units\DebugDialog\DebugDialog.pas" />
    <DCCReference Include="uAlarmClockWnd.pas">
      <Form>frmAlarmClock</Form>
    </DCCReference>
    <None Include="centerscheme.inc" />
  </ItemGroup>
</Project>