<?xml version="1.0" encoding="utf-8"?>
<Project xmlns="http://schemas.microsoft.com/developer/msbuild/2003">
  <PropertyGroup>
    <ProjectGuid>{95fc47df-8d83-4363-bb4f-78f1ffdea869}</ProjectGuid>
    <MainSource>Home.dpr</MainSource>
    <Configuration Condition=" '$(Configuration)' == '' ">Debug</Configuration>
    <Platform Condition=" '$(Platform)' == '' ">AnyCPU</Platform>
    <DCC_UsePackage>rtl;vcl</DCC_UsePackage>
    <DCC_DCCCompiler>DCC32</DCC_DCCCompiler>
    <DCC_DependencyCheckOutputName>..\..\..\..\..\SharpE\Center\Root\_Home\Home.dll</DCC_DependencyCheckOutputName>
    <DCC_EnabledPackages>true</DCC_EnabledPackages>
  </PropertyGroup>
  <PropertyGroup Condition=" '$(Configuration)|$(Platform)' == 'Release|AnyCPU' ">
    <Version>7.0</Version>
    <DCC_DebugInformation>False</DCC_DebugInformation>
    <DCC_LocalDebugSymbols>False</DCC_LocalDebugSymbols>
    <DCC_SymbolReferenceInfo>0</DCC_SymbolReferenceInfo>
    <DCC_ExeOutput>..\..\..\..\..\SharpE\Center\Root\_Home\</DCC_ExeOutput>
    <DCC_UnitSearchPath>..\..\..\Common\Libraries\SharpAPI;..\..\..\Common\Libraries\SharpCenterAPI;..\..\..\Common\Units\VistaFuncs\;..\..\..\Common\Units\VistaFuncs;..\..\..\Common\Delphi Components\SharpEListBoxEx</DCC_UnitSearchPath>
    <DCC_ResourcePath>..\..\..\Common\Libraries\SharpAPI;..\..\..\Common\Libraries\SharpCenterAPI;..\..\..\Common\Units\VistaFuncs\;..\..\..\Common\Units\VistaFuncs;..\..\..\Common\Delphi Components\SharpEListBoxEx</DCC_ResourcePath>
    <DCC_ObjPath>..\..\..\Common\Libraries\SharpAPI;..\..\..\Common\Libraries\SharpCenterAPI;..\..\..\Common\Units\VistaFuncs\;..\..\..\Common\Units\VistaFuncs;..\..\..\Common\Delphi Components\SharpEListBoxEx</DCC_ObjPath>
    <DCC_IncludePath>..\..\..\Common\Libraries\SharpAPI;..\..\..\Common\Libraries\SharpCenterAPI;..\..\..\Common\Units\VistaFuncs\;..\..\..\Common\Units\VistaFuncs;..\..\..\Common\Delphi Components\SharpEListBoxEx</DCC_IncludePath>
    <DCC_Define>RELEASE</DCC_Define>
  </PropertyGroup>
  <PropertyGroup Condition=" '$(Configuration)|$(Platform)' == 'Debug|AnyCPU' ">
    <Version>7.0</Version>
    <DCC_ExeOutput>..\..\..\..\..\SharpE\Center\Root\_Home\</DCC_ExeOutput>
    <DCC_Define>DEBUG</DCC_Define>
    <DCC_UnitSearchPath>..\..\..\..\Common\Libraries\SharpAPI;..\..\..\..\Common\Libraries\SharpCenterAPI;..\..\..\..\Common\Units\VistaFuncs\;..\..\..\..\Common\Units\VistaFuncs;..\..\..\..\Common\Delphi Components\SharpEListBoxEx;..\..\..\..\Common\Libraries\SharpThemeAPIEx;..\..\..\..\Common\Units\SharpGraphicsUtils;..\..\..\..\Common\Units\SharpFileUtils;..\..\..\..\Common\Delphi Components\SharpE Skin Components;..\..\..\..\Components\SharpBar;..\..\..\..\Common\Libraries\SharpDialogs;..\..\..\..\Common\Delphi Components\SharpeGaugeBox;..\..\..\..\Common\Delphi Components\SharpeColorEditorEx;..\..\..\..\Common\Delphi Components\SharpeColorEditor;..\..\..\..\Common\Delphi Components\SharpeSwatchManager;..\..\..\..\Common\Delphi Components\SharpePageControl;..\..\..\..\Common\Delphi Components\SharpeTabList;..\..\..\..\Common\Delphi Components\SharpeSwatchCollection;..\..\..\..\Common\Delphi Components\SharpeRoundPanel;..\..\..\..\Common\Delphi Components\SharpeColorPicker;..\..\..\..\Common\Units\SharpFx;..\..\..\..\Common\Interfaces;..\..\..\..\Common\Delphi Components\SharpeCenterHeader;..\..\..\..\Components\SharpMenu\Units;..\..\..\..\Common\3rd Party\GR32 Addons\;..\..\..\..\Common\3rd Party\GR32\;..\..\..\..\Common\Units\SharpTypes;..\..\..\..\Common\Units\SharpIconUtils;..\..\..\..\Common\Units\PropertyList;..\..\..\..\Common\Libraries\SharpAPIEx;..\..\..\..\Components\SharpMenu\Forms;..\..\..\..\Common\Units\ControlPanelItems;..\..\..\..\Components\SharpMenu\;..\..\..\..\Components\SharpDesk\Units;..\..\..\..\Common\Delphi Components\SharpeHotkeyEdit;..\..\..\..\Common\Units\SCHotkeyManager;..\..\..\..\Common\3rd Party\Jedi\;..\..\..\..\Common\Units\DebugDialog</DCC_UnitSearchPath>
    <DCC_ResourcePath>..\..\..\..\Common\Libraries\SharpAPI;..\..\..\..\Common\Libraries\SharpCenterAPI;..\..\..\..\Common\Units\VistaFuncs\;..\..\..\..\Common\Units\VistaFuncs;..\..\..\..\Common\Delphi Components\SharpEListBoxEx;..\..\..\..\Common\Libraries\SharpThemeAPIEx;..\..\..\..\Common\Units\SharpGraphicsUtils;..\..\..\..\Common\Units\SharpFileUtils;..\..\..\..\Common\Delphi Components\SharpE Skin Components;..\..\..\..\Components\SharpBar;..\..\..\..\Common\Libraries\SharpDialogs;..\..\..\..\Common\Delphi Components\SharpeGaugeBox;..\..\..\..\Common\Delphi Components\SharpeColorEditorEx;..\..\..\..\Common\Delphi Components\SharpeColorEditor;..\..\..\..\Common\Delphi Components\SharpeSwatchManager;..\..\..\..\Common\Delphi Components\SharpePageControl;..\..\..\..\Common\Delphi Components\SharpeTabList;..\..\..\..\Common\Delphi Components\SharpeSwatchCollection;..\..\..\..\Common\Delphi Components\SharpeRoundPanel;..\..\..\..\Common\Delphi Components\SharpeColorPicker;..\..\..\..\Common\Units\SharpFx;..\..\..\..\Common\Interfaces;..\..\..\..\Common\Delphi Components\SharpeCenterHeader;..\..\..\..\Components\SharpMenu\Units;..\..\..\..\Common\3rd Party\GR32 Addons\;..\..\..\..\Common\3rd Party\GR32\;..\..\..\..\Common\Units\SharpTypes;..\..\..\..\Common\Units\SharpIconUtils;..\..\..\..\Common\Units\PropertyList;..\..\..\..\Common\Libraries\SharpAPIEx;..\..\..\..\Components\SharpMenu\Forms;..\..\..\..\Common\Units\ControlPanelItems;..\..\..\..\Components\SharpMenu\;..\..\..\..\Components\SharpDesk\Units;..\..\..\..\Common\Delphi Components\SharpeHotkeyEdit;..\..\..\..\Common\Units\SCHotkeyManager;..\..\..\..\Common\3rd Party\Jedi\;..\..\..\..\Common\Units\DebugDialog</DCC_ResourcePath>
    <DCC_ObjPath>..\..\..\..\Common\Libraries\SharpAPI;..\..\..\..\Common\Libraries\SharpCenterAPI;..\..\..\..\Common\Units\VistaFuncs\;..\..\..\..\Common\Units\VistaFuncs;..\..\..\..\Common\Delphi Components\SharpEListBoxEx;..\..\..\..\Common\Libraries\SharpThemeAPIEx;..\..\..\..\Common\Units\SharpGraphicsUtils;..\..\..\..\Common\Units\SharpFileUtils;..\..\..\..\Common\Delphi Components\SharpE Skin Components;..\..\..\..\Components\SharpBar;..\..\..\..\Common\Libraries\SharpDialogs;..\..\..\..\Common\Delphi Components\SharpeGaugeBox;..\..\..\..\Common\Delphi Components\SharpeColorEditorEx;..\..\..\..\Common\Delphi Components\SharpeColorEditor;..\..\..\..\Common\Delphi Components\SharpeSwatchManager;..\..\..\..\Common\Delphi Components\SharpePageControl;..\..\..\..\Common\Delphi Components\SharpeTabList;..\..\..\..\Common\Delphi Components\SharpeSwatchCollection;..\..\..\..\Common\Delphi Components\SharpeRoundPanel;..\..\..\..\Common\Delphi Components\SharpeColorPicker;..\..\..\..\Common\Units\SharpFx;..\..\..\..\Common\Interfaces;..\..\..\..\Common\Delphi Components\SharpeCenterHeader;..\..\..\..\Components\SharpMenu\Units;..\..\..\..\Common\3rd Party\GR32 Addons\;..\..\..\..\Common\3rd Party\GR32\;..\..\..\..\Common\Units\SharpTypes;..\..\..\..\Common\Units\SharpIconUtils;..\..\..\..\Common\Units\PropertyList;..\..\..\..\Common\Libraries\SharpAPIEx;..\..\..\..\Components\SharpMenu\Forms;..\..\..\..\Common\Units\ControlPanelItems;..\..\..\..\Components\SharpMenu\;..\..\..\..\Components\SharpDesk\Units;..\..\..\..\Common\Delphi Components\SharpeHotkeyEdit;..\..\..\..\Common\Units\SCHotkeyManager;..\..\..\..\Common\3rd Party\Jedi\;..\..\..\..\Common\Units\DebugDialog</DCC_ObjPath>
    <DCC_IncludePath>..\..\..\..\Common\Libraries\SharpAPI;..\..\..\..\Common\Libraries\SharpCenterAPI;..\..\..\..\Common\Units\VistaFuncs\;..\..\..\..\Common\Units\VistaFuncs;..\..\..\..\Common\Delphi Components\SharpEListBoxEx;..\..\..\..\Common\Libraries\SharpThemeAPIEx;..\..\..\..\Common\Units\SharpGraphicsUtils;..\..\..\..\Common\Units\SharpFileUtils;..\..\..\..\Common\Delphi Components\SharpE Skin Components;..\..\..\..\Components\SharpBar;..\..\..\..\Common\Libraries\SharpDialogs;..\..\..\..\Common\Delphi Components\SharpeGaugeBox;..\..\..\..\Common\Delphi Components\SharpeColorEditorEx;..\..\..\..\Common\Delphi Components\SharpeColorEditor;..\..\..\..\Common\Delphi Components\SharpeSwatchManager;..\..\..\..\Common\Delphi Components\SharpePageControl;..\..\..\..\Common\Delphi Components\SharpeTabList;..\..\..\..\Common\Delphi Components\SharpeSwatchCollection;..\..\..\..\Common\Delphi Components\SharpeRoundPanel;..\..\..\..\Common\Delphi Components\SharpeColorPicker;..\..\..\..\Common\Units\SharpFx;..\..\..\..\Common\Interfaces;..\..\..\..\Common\Delphi Components\SharpeCenterHeader;..\..\..\..\Components\SharpMenu\Units;..\..\..\..\Common\3rd Party\GR32 Addons\;..\..\..\..\Common\3rd Party\GR32\;..\..\..\..\Common\Units\SharpTypes;..\..\..\..\Common\Units\SharpIconUtils;..\..\..\..\Common\Units\PropertyList;..\..\..\..\Common\Libraries\SharpAPIEx;..\..\..\..\Components\SharpMenu\Forms;..\..\..\..\Common\Units\ControlPanelItems;..\..\..\..\Components\SharpMenu\;..\..\..\..\Components\SharpDesk\Units;..\..\..\..\Common\Delphi Components\SharpeHotkeyEdit;..\..\..\..\Common\Units\SCHotkeyManager;..\..\..\..\Common\3rd Party\Jedi\;..\..\..\..\Common\Units\DebugDialog</DCC_IncludePath>
    <DCC_SymbolReferenceInfo>2</DCC_SymbolReferenceInfo>
  </PropertyGroup>
  <ProjectExtensions>
    <Borland.Personality>Delphi.Personality</Borland.Personality>
    <Borland.ProjectType />
    <BorlandProject>
<BorlandProject><Delphi.Personality><Parameters><Parameters Name="HostApplication">..\..\..\..\..\SharpE\SharpCenter.exe</Parameters><Parameters Name="DebugSourceDirs">E:\SVN\Components\SharpCenter\</Parameters><Parameters Name="UseLauncher">False</Parameters><Parameters Name="LoadAllSymbols">True</Parameters><Parameters Name="LoadUnspecifiedSymbols">False</Parameters></Parameters><VersionInfo><VersionInfo Name="IncludeVerInfo">False</VersionInfo><VersionInfo Name="AutoIncBuild">False</VersionInfo><VersionInfo Name="MajorVer">1</VersionInfo><VersionInfo Name="MinorVer">0</VersionInfo><VersionInfo Name="Release">0</VersionInfo><VersionInfo Name="Build">0</VersionInfo><VersionInfo Name="Debug">False</VersionInfo><VersionInfo Name="PreRelease">False</VersionInfo><VersionInfo Name="Special">False</VersionInfo><VersionInfo Name="Private">False</VersionInfo><VersionInfo Name="DLL">False</VersionInfo><VersionInfo Name="Locale">2057</VersionInfo><VersionInfo Name="CodePage">1252</VersionInfo></VersionInfo><VersionInfoKeys><VersionInfoKeys Name="FileVersion">1.0.0.0</VersionInfoKeys><VersionInfoKeys Name="ProductVersion">1.0.0.0</VersionInfoKeys></VersionInfoKeys><Source><Source Name="MainSource">Home.dpr</Source></Source></Delphi.Personality></BorlandProject></BorlandProject>
  </ProjectExtensions>
  <Import Project="$(MSBuildBinPath)\Borland.Delphi.Targets" />
  <ItemGroup>
    <DelphiCompile Include="Home.dpr">
      <MainSource>MainSource</MainSource>
    </DelphiCompile>
    <DCCReference Include="uHomeWnd.pas">
      <Form>frmHome</Form>
    </DCCReference>
  </ItemGroup>
</Project>