<?xml version="1.0" encoding="utf-8"?>
<Project xmlns="http://schemas.microsoft.com/developer/msbuild/2003">
  <PropertyGroup>
    <ProjectGuid>{95fc47df-8d83-4363-bb4f-78f1ffdea869}</ProjectGuid>
    <MainSource>MenuEdit.dpr</MainSource>
    <Configuration Condition=" '$(Configuration)' == '' ">Debug</Configuration>
    <Platform Condition=" '$(Platform)' == '' ">AnyCPU</Platform>
    <DCC_UsePackage>vcl</DCC_UsePackage>
    <DCC_DCCCompiler>DCC32</DCC_DCCCompiler>
    <DCC_DependencyCheckOutputName>..\..\..\..\..\SharpE\Center\Root\_Components\_Componentdlls\MenuEdit.dll</DCC_DependencyCheckOutputName>
  </PropertyGroup>
  <PropertyGroup Condition=" '$(Configuration)|$(Platform)' == 'Release|AnyCPU' ">
    <Version>7.0</Version>
    <DCC_SymbolReferenceInfo>2</DCC_SymbolReferenceInfo>
    <DCC_ExeOutput>..\..\..\..\..\SharpE\Center\Root\_Components\_Componentdlls\</DCC_ExeOutput>
    <DCC_UnitSearchPath>..\..\..\..\Common\Libraries\SharpAPI;..\..\..\..\Common\Libraries\SharpCenterAPI;..\..\..\..\Common\Units\VistaFuncs\;..\..\..\..\Common\Units\VistaFuncs;..\..\..\..\Common\Delphi Components\SharpEListBoxEx;..\..\..\..\Common\Libraries\SharpThemeAPIEx;..\..\..\..\Common\Units\SharpGraphicsUtils;..\..\..\..\Common\Units\SharpFileUtils;..\..\..\..\Common\Delphi Components\SharpE Skin Components;..\..\..\..\Components\SharpBar;..\..\..\..\Common\Libraries\SharpDialogs;..\..\..\..\Common\Delphi Components\SharpeGaugeBox;..\..\..\..\Common\Delphi Components\SharpeColorEditorEx;..\..\..\..\Common\Delphi Components\SharpeColorEditor;..\..\..\..\Common\Delphi Components\SharpeSwatchManager;..\..\..\..\Common\Delphi Components\SharpePageControl;..\..\..\..\Common\Delphi Components\SharpeTabList;..\..\..\..\Common\Delphi Components\SharpeSwatchCollection;..\..\..\..\Common\Delphi Components\SharpeRoundPanel;..\..\..\..\Common\Delphi Components\SharpeColorPicker;..\..\..\..\Common\Units\SharpFx;..\..\..\..\Common\Interfaces;..\..\..\..\Common\Delphi Components\SharpeCenterHeader;..\..\..\..\Components\SharpMenu\Units;..\..\..\..\Common\3rd Party\GR32 Addons\;..\..\..\..\Common\3rd Party\GR32\;..\..\..\..\Common\Units\SharpTypes;..\..\..\..\Common\Units\SharpIconUtils;..\..\..\..\Common\Units\PropertyList;..\..\..\..\Common\Libraries\SharpAPIEx;..\..\..\..\Components\SharpMenu\Forms;..\..\..\..\Common\Units\ControlPanelItems;..\..\..\..\Components\SharpMenu\;..\..\..\..\Components\SharpDesk\Units;..\..\..\..\Common\Delphi Components\SharpeHotkeyEdit;..\..\..\..\Common\Units\SCHotkeyManager;..\..\..\..\Common\3rd Party\Jedi\;..\..\..\..\Common\Units\DebugDialog;..\..\..\..\Components\SharpCenter;..\..\..\..\Common\Units\XML;..\..\..\..\Common\Units\GR32Utils</DCC_UnitSearchPath>
    <DCC_ResourcePath>..\..\..\..\Common\Libraries\SharpAPI;..\..\..\..\Common\Libraries\SharpCenterAPI;..\..\..\..\Common\Units\VistaFuncs\;..\..\..\..\Common\Units\VistaFuncs;..\..\..\..\Common\Delphi Components\SharpEListBoxEx;..\..\..\..\Common\Libraries\SharpThemeAPIEx;..\..\..\..\Common\Units\SharpGraphicsUtils;..\..\..\..\Common\Units\SharpFileUtils;..\..\..\..\Common\Delphi Components\SharpE Skin Components;..\..\..\..\Components\SharpBar;..\..\..\..\Common\Libraries\SharpDialogs;..\..\..\..\Common\Delphi Components\SharpeGaugeBox;..\..\..\..\Common\Delphi Components\SharpeColorEditorEx;..\..\..\..\Common\Delphi Components\SharpeColorEditor;..\..\..\..\Common\Delphi Components\SharpeSwatchManager;..\..\..\..\Common\Delphi Components\SharpePageControl;..\..\..\..\Common\Delphi Components\SharpeTabList;..\..\..\..\Common\Delphi Components\SharpeSwatchCollection;..\..\..\..\Common\Delphi Components\SharpeRoundPanel;..\..\..\..\Common\Delphi Components\SharpeColorPicker;..\..\..\..\Common\Units\SharpFx;..\..\..\..\Common\Interfaces;..\..\..\..\Common\Delphi Components\SharpeCenterHeader;..\..\..\..\Components\SharpMenu\Units;..\..\..\..\Common\3rd Party\GR32 Addons\;..\..\..\..\Common\3rd Party\GR32\;..\..\..\..\Common\Units\SharpTypes;..\..\..\..\Common\Units\SharpIconUtils;..\..\..\..\Common\Units\PropertyList;..\..\..\..\Common\Libraries\SharpAPIEx;..\..\..\..\Components\SharpMenu\Forms;..\..\..\..\Common\Units\ControlPanelItems;..\..\..\..\Components\SharpMenu\;..\..\..\..\Components\SharpDesk\Units;..\..\..\..\Common\Delphi Components\SharpeHotkeyEdit;..\..\..\..\Common\Units\SCHotkeyManager;..\..\..\..\Common\3rd Party\Jedi\;..\..\..\..\Common\Units\DebugDialog;..\..\..\..\Components\SharpCenter;..\..\..\..\Common\Units\XML;..\..\..\..\Common\Units\GR32Utils</DCC_ResourcePath>
    <DCC_ObjPath>..\..\..\..\Common\Libraries\SharpAPI;..\..\..\..\Common\Libraries\SharpCenterAPI;..\..\..\..\Common\Units\VistaFuncs\;..\..\..\..\Common\Units\VistaFuncs;..\..\..\..\Common\Delphi Components\SharpEListBoxEx;..\..\..\..\Common\Libraries\SharpThemeAPIEx;..\..\..\..\Common\Units\SharpGraphicsUtils;..\..\..\..\Common\Units\SharpFileUtils;..\..\..\..\Common\Delphi Components\SharpE Skin Components;..\..\..\..\Components\SharpBar;..\..\..\..\Common\Libraries\SharpDialogs;..\..\..\..\Common\Delphi Components\SharpeGaugeBox;..\..\..\..\Common\Delphi Components\SharpeColorEditorEx;..\..\..\..\Common\Delphi Components\SharpeColorEditor;..\..\..\..\Common\Delphi Components\SharpeSwatchManager;..\..\..\..\Common\Delphi Components\SharpePageControl;..\..\..\..\Common\Delphi Components\SharpeTabList;..\..\..\..\Common\Delphi Components\SharpeSwatchCollection;..\..\..\..\Common\Delphi Components\SharpeRoundPanel;..\..\..\..\Common\Delphi Components\SharpeColorPicker;..\..\..\..\Common\Units\SharpFx;..\..\..\..\Common\Interfaces;..\..\..\..\Common\Delphi Components\SharpeCenterHeader;..\..\..\..\Components\SharpMenu\Units;..\..\..\..\Common\3rd Party\GR32 Addons\;..\..\..\..\Common\3rd Party\GR32\;..\..\..\..\Common\Units\SharpTypes;..\..\..\..\Common\Units\SharpIconUtils;..\..\..\..\Common\Units\PropertyList;..\..\..\..\Common\Libraries\SharpAPIEx;..\..\..\..\Components\SharpMenu\Forms;..\..\..\..\Common\Units\ControlPanelItems;..\..\..\..\Components\SharpMenu\;..\..\..\..\Components\SharpDesk\Units;..\..\..\..\Common\Delphi Components\SharpeHotkeyEdit;..\..\..\..\Common\Units\SCHotkeyManager;..\..\..\..\Common\3rd Party\Jedi\;..\..\..\..\Common\Units\DebugDialog;..\..\..\..\Components\SharpCenter;..\..\..\..\Common\Units\XML;..\..\..\..\Common\Units\GR32Utils</DCC_ObjPath>
    <DCC_IncludePath>..\..\..\..\Common\Libraries\SharpAPI;..\..\..\..\Common\Libraries\SharpCenterAPI;..\..\..\..\Common\Units\VistaFuncs\;..\..\..\..\Common\Units\VistaFuncs;..\..\..\..\Common\Delphi Components\SharpEListBoxEx;..\..\..\..\Common\Libraries\SharpThemeAPIEx;..\..\..\..\Common\Units\SharpGraphicsUtils;..\..\..\..\Common\Units\SharpFileUtils;..\..\..\..\Common\Delphi Components\SharpE Skin Components;..\..\..\..\Components\SharpBar;..\..\..\..\Common\Libraries\SharpDialogs;..\..\..\..\Common\Delphi Components\SharpeGaugeBox;..\..\..\..\Common\Delphi Components\SharpeColorEditorEx;..\..\..\..\Common\Delphi Components\SharpeColorEditor;..\..\..\..\Common\Delphi Components\SharpeSwatchManager;..\..\..\..\Common\Delphi Components\SharpePageControl;..\..\..\..\Common\Delphi Components\SharpeTabList;..\..\..\..\Common\Delphi Components\SharpeSwatchCollection;..\..\..\..\Common\Delphi Components\SharpeRoundPanel;..\..\..\..\Common\Delphi Components\SharpeColorPicker;..\..\..\..\Common\Units\SharpFx;..\..\..\..\Common\Interfaces;..\..\..\..\Common\Delphi Components\SharpeCenterHeader;..\..\..\..\Components\SharpMenu\Units;..\..\..\..\Common\3rd Party\GR32 Addons\;..\..\..\..\Common\3rd Party\GR32\;..\..\..\..\Common\Units\SharpTypes;..\..\..\..\Common\Units\SharpIconUtils;..\..\..\..\Common\Units\PropertyList;..\..\..\..\Common\Libraries\SharpAPIEx;..\..\..\..\Components\SharpMenu\Forms;..\..\..\..\Common\Units\ControlPanelItems;..\..\..\..\Components\SharpMenu\;..\..\..\..\Components\SharpDesk\Units;..\..\..\..\Common\Delphi Components\SharpeHotkeyEdit;..\..\..\..\Common\Units\SCHotkeyManager;..\..\..\..\Common\3rd Party\Jedi\;..\..\..\..\Common\Units\DebugDialog;..\..\..\..\Components\SharpCenter;..\..\..\..\Common\Units\XML;..\..\..\..\Common\Units\GR32Utils</DCC_IncludePath>
    <DCC_Define>RELEASE</DCC_Define>
  </PropertyGroup>
  <PropertyGroup Condition=" '$(Configuration)|$(Platform)' == 'Debug|AnyCPU' ">
    <Version>7.0</Version>
    <DCC_ExeOutput>..\..\..\..\..\SharpE\Center\Root\_Components\_Componentdlls\</DCC_ExeOutput>
    <DCC_UnitSearchPath>..\..\..\..\Common\Libraries\SharpAPI;..\..\..\..\Common\Libraries\SharpCenterAPI;..\..\..\..\Common\Units\VistaFuncs\;..\..\..\..\Common\Units\VistaFuncs;..\..\..\..\Common\Delphi Components\SharpEListBoxEx;..\..\..\..\Common\Libraries\SharpThemeAPIEx;..\..\..\..\Common\Units\SharpGraphicsUtils;..\..\..\..\Common\Units\SharpFileUtils;..\..\..\..\Common\Delphi Components\SharpE Skin Components;..\..\..\..\Components\SharpBar;..\..\..\..\Common\Libraries\SharpDialogs;..\..\..\..\Common\Delphi Components\SharpeGaugeBox;..\..\..\..\Common\Delphi Components\SharpeColorEditorEx;..\..\..\..\Common\Delphi Components\SharpeColorEditor;..\..\..\..\Common\Delphi Components\SharpeSwatchManager;..\..\..\..\Common\Delphi Components\SharpePageControl;..\..\..\..\Common\Delphi Components\SharpeTabList;..\..\..\..\Common\Delphi Components\SharpeSwatchCollection;..\..\..\..\Common\Delphi Components\SharpeRoundPanel;..\..\..\..\Common\Delphi Components\SharpeColorPicker;..\..\..\..\Common\Units\SharpFx;..\..\..\..\Common\Interfaces;..\..\..\..\Common\Delphi Components\SharpeCenterHeader;..\..\..\..\Components\SharpMenu\Units;..\..\..\..\Common\3rd Party\GR32 Addons\;..\..\..\..\Common\3rd Party\GR32\;..\..\..\..\Common\Units\SharpTypes;..\..\..\..\Common\Units\SharpIconUtils;..\..\..\..\Common\Units\PropertyList;..\..\..\..\Common\Libraries\SharpAPIEx;..\..\..\..\Components\SharpMenu\Forms;..\..\..\..\Common\Units\ControlPanelItems;..\..\..\..\Components\SharpMenu\;..\..\..\..\Components\SharpDesk\Units;..\..\..\..\Common\Delphi Components\SharpeHotkeyEdit;..\..\..\..\Common\Units\SCHotkeyManager;..\..\..\..\Common\3rd Party\Jedi\;..\..\..\..\Common\Units\DebugDialog;..\..\..\..\Components\SharpCenter;..\..\..\..\Common\Units\XML;..\..\..\..\Common\Units\GR32Utils</DCC_UnitSearchPath>
    <DCC_ResourcePath>..\..\..\..\Common\Libraries\SharpAPI;..\..\..\..\Common\Libraries\SharpCenterAPI;..\..\..\..\Common\Units\VistaFuncs\;..\..\..\..\Common\Units\VistaFuncs;..\..\..\..\Common\Delphi Components\SharpEListBoxEx;..\..\..\..\Common\Libraries\SharpThemeAPIEx;..\..\..\..\Common\Units\SharpGraphicsUtils;..\..\..\..\Common\Units\SharpFileUtils;..\..\..\..\Common\Delphi Components\SharpE Skin Components;..\..\..\..\Components\SharpBar;..\..\..\..\Common\Libraries\SharpDialogs;..\..\..\..\Common\Delphi Components\SharpeGaugeBox;..\..\..\..\Common\Delphi Components\SharpeColorEditorEx;..\..\..\..\Common\Delphi Components\SharpeColorEditor;..\..\..\..\Common\Delphi Components\SharpeSwatchManager;..\..\..\..\Common\Delphi Components\SharpePageControl;..\..\..\..\Common\Delphi Components\SharpeTabList;..\..\..\..\Common\Delphi Components\SharpeSwatchCollection;..\..\..\..\Common\Delphi Components\SharpeRoundPanel;..\..\..\..\Common\Delphi Components\SharpeColorPicker;..\..\..\..\Common\Units\SharpFx;..\..\..\..\Common\Interfaces;..\..\..\..\Common\Delphi Components\SharpeCenterHeader;..\..\..\..\Components\SharpMenu\Units;..\..\..\..\Common\3rd Party\GR32 Addons\;..\..\..\..\Common\3rd Party\GR32\;..\..\..\..\Common\Units\SharpTypes;..\..\..\..\Common\Units\SharpIconUtils;..\..\..\..\Common\Units\PropertyList;..\..\..\..\Common\Libraries\SharpAPIEx;..\..\..\..\Components\SharpMenu\Forms;..\..\..\..\Common\Units\ControlPanelItems;..\..\..\..\Components\SharpMenu\;..\..\..\..\Components\SharpDesk\Units;..\..\..\..\Common\Delphi Components\SharpeHotkeyEdit;..\..\..\..\Common\Units\SCHotkeyManager;..\..\..\..\Common\3rd Party\Jedi\;..\..\..\..\Common\Units\DebugDialog;..\..\..\..\Components\SharpCenter;..\..\..\..\Common\Units\XML;..\..\..\..\Common\Units\GR32Utils</DCC_ResourcePath>
    <DCC_ObjPath>..\..\..\..\Common\Libraries\SharpAPI;..\..\..\..\Common\Libraries\SharpCenterAPI;..\..\..\..\Common\Units\VistaFuncs\;..\..\..\..\Common\Units\VistaFuncs;..\..\..\..\Common\Delphi Components\SharpEListBoxEx;..\..\..\..\Common\Libraries\SharpThemeAPIEx;..\..\..\..\Common\Units\SharpGraphicsUtils;..\..\..\..\Common\Units\SharpFileUtils;..\..\..\..\Common\Delphi Components\SharpE Skin Components;..\..\..\..\Components\SharpBar;..\..\..\..\Common\Libraries\SharpDialogs;..\..\..\..\Common\Delphi Components\SharpeGaugeBox;..\..\..\..\Common\Delphi Components\SharpeColorEditorEx;..\..\..\..\Common\Delphi Components\SharpeColorEditor;..\..\..\..\Common\Delphi Components\SharpeSwatchManager;..\..\..\..\Common\Delphi Components\SharpePageControl;..\..\..\..\Common\Delphi Components\SharpeTabList;..\..\..\..\Common\Delphi Components\SharpeSwatchCollection;..\..\..\..\Common\Delphi Components\SharpeRoundPanel;..\..\..\..\Common\Delphi Components\SharpeColorPicker;..\..\..\..\Common\Units\SharpFx;..\..\..\..\Common\Interfaces;..\..\..\..\Common\Delphi Components\SharpeCenterHeader;..\..\..\..\Components\SharpMenu\Units;..\..\..\..\Common\3rd Party\GR32 Addons\;..\..\..\..\Common\3rd Party\GR32\;..\..\..\..\Common\Units\SharpTypes;..\..\..\..\Common\Units\SharpIconUtils;..\..\..\..\Common\Units\PropertyList;..\..\..\..\Common\Libraries\SharpAPIEx;..\..\..\..\Components\SharpMenu\Forms;..\..\..\..\Common\Units\ControlPanelItems;..\..\..\..\Components\SharpMenu\;..\..\..\..\Components\SharpDesk\Units;..\..\..\..\Common\Delphi Components\SharpeHotkeyEdit;..\..\..\..\Common\Units\SCHotkeyManager;..\..\..\..\Common\3rd Party\Jedi\;..\..\..\..\Common\Units\DebugDialog;..\..\..\..\Components\SharpCenter;..\..\..\..\Common\Units\XML;..\..\..\..\Common\Units\GR32Utils</DCC_ObjPath>
    <DCC_IncludePath>..\..\..\..\Common\Libraries\SharpAPI;..\..\..\..\Common\Libraries\SharpCenterAPI;..\..\..\..\Common\Units\VistaFuncs\;..\..\..\..\Common\Units\VistaFuncs;..\..\..\..\Common\Delphi Components\SharpEListBoxEx;..\..\..\..\Common\Libraries\SharpThemeAPIEx;..\..\..\..\Common\Units\SharpGraphicsUtils;..\..\..\..\Common\Units\SharpFileUtils;..\..\..\..\Common\Delphi Components\SharpE Skin Components;..\..\..\..\Components\SharpBar;..\..\..\..\Common\Libraries\SharpDialogs;..\..\..\..\Common\Delphi Components\SharpeGaugeBox;..\..\..\..\Common\Delphi Components\SharpeColorEditorEx;..\..\..\..\Common\Delphi Components\SharpeColorEditor;..\..\..\..\Common\Delphi Components\SharpeSwatchManager;..\..\..\..\Common\Delphi Components\SharpePageControl;..\..\..\..\Common\Delphi Components\SharpeTabList;..\..\..\..\Common\Delphi Components\SharpeSwatchCollection;..\..\..\..\Common\Delphi Components\SharpeRoundPanel;..\..\..\..\Common\Delphi Components\SharpeColorPicker;..\..\..\..\Common\Units\SharpFx;..\..\..\..\Common\Interfaces;..\..\..\..\Common\Delphi Components\SharpeCenterHeader;..\..\..\..\Components\SharpMenu\Units;..\..\..\..\Common\3rd Party\GR32 Addons\;..\..\..\..\Common\3rd Party\GR32\;..\..\..\..\Common\Units\SharpTypes;..\..\..\..\Common\Units\SharpIconUtils;..\..\..\..\Common\Units\PropertyList;..\..\..\..\Common\Libraries\SharpAPIEx;..\..\..\..\Components\SharpMenu\Forms;..\..\..\..\Common\Units\ControlPanelItems;..\..\..\..\Components\SharpMenu\;..\..\..\..\Components\SharpDesk\Units;..\..\..\..\Common\Delphi Components\SharpeHotkeyEdit;..\..\..\..\Common\Units\SCHotkeyManager;..\..\..\..\Common\3rd Party\Jedi\;..\..\..\..\Common\Units\DebugDialog;..\..\..\..\Components\SharpCenter;..\..\..\..\Common\Units\XML;..\..\..\..\Common\Units\GR32Utils</DCC_IncludePath>
    <DCC_Define>DEBUG</DCC_Define>
    <DCC_Optimize>False</DCC_Optimize>
    <DCC_MapFile>3</DCC_MapFile>
  </PropertyGroup>
  <ProjectExtensions>
    <Borland.Personality>Delphi.Personality</Borland.Personality>
    <Borland.ProjectType />
    <BorlandProject>
<BorlandProject><Delphi.Personality><Parameters><Parameters Name="HostApplication">..\..\..\..\..\SharpE\SharpCenter.exe</Parameters><Parameters Name="UseLauncher">False</Parameters><Parameters Name="LoadAllSymbols">True</Parameters><Parameters Name="LoadUnspecifiedSymbols">False</Parameters></Parameters><VersionInfo><VersionInfo Name="IncludeVerInfo">False</VersionInfo><VersionInfo Name="AutoIncBuild">False</VersionInfo><VersionInfo Name="MajorVer">1</VersionInfo><VersionInfo Name="MinorVer">0</VersionInfo><VersionInfo Name="Release">0</VersionInfo><VersionInfo Name="Build">0</VersionInfo><VersionInfo Name="Debug">False</VersionInfo><VersionInfo Name="PreRelease">False</VersionInfo><VersionInfo Name="Special">False</VersionInfo><VersionInfo Name="Private">False</VersionInfo><VersionInfo Name="DLL">False</VersionInfo><VersionInfo Name="Locale">2057</VersionInfo><VersionInfo Name="CodePage">1252</VersionInfo></VersionInfo><VersionInfoKeys><VersionInfoKeys Name="FileVersion">1.0.0.0</VersionInfoKeys><VersionInfoKeys Name="ProductVersion">1.0.0.0</VersionInfoKeys></VersionInfoKeys><Source><Source Name="MainSource">MenuEdit.dpr</Source></Source><Excluded_Packages>
      
      
      
      
      
      
      <Excluded_Packages Name="C:\Users\Public\Documents\RAD Studio\5.0\Bpl\Graphics32.bpl">Datei C:\Users\Public\Documents\RAD Studio\5.0\Bpl\Graphics32.bpl nicht gefunden</Excluded_Packages>
    </Excluded_Packages></Delphi.Personality></BorlandProject></BorlandProject>
  </ProjectExtensions>
  <Import Project="$(MSBuildBinPath)\Borland.Delphi.Targets" />
  <PropertyGroup>
    <PostBuildEvent>if $(Configuration)==Debug "..\..\..\..\Common\3rd party\Jedi\MakeJclDbg.exe" -E "$(OUTPUTDIR)$(OUTPUTNAME).map"
if $(Configuration)==Debug del "$(OUTPUTDIR)$(OUTPUTNAME).map"</PostBuildEvent>
  </PropertyGroup>
  <ItemGroup>
    <DelphiCompile Include="MenuEdit.dpr">
      <MainSource>MainSource</MainSource>
    </DelphiCompile>
    <DCCReference Include="..\..\..\..\Common\Units\DebugDialog\DebugDialog.pas" />
    <DCCReference Include="uEditWnd.pas">
      <Form>frmEdit</Form>
    </DCCReference>
    <DCCReference Include="uListWnd.pas">
      <Form>frmList</Form>
    </DCCReference>
    <None Include="centerscheme.inc" />
  </ItemGroup>
</Project>