<Project xmlns="http://schemas.microsoft.com/developer/msbuild/2003">
  <PropertyGroup>
    <ProjectGuid>{6f1f752e-ee1c-43b1-b74d-38cadd5979c5}</ProjectGuid>
    <MainSource>TaskSwitch.DPR</MainSource>
    <Configuration Condition=" '$(Configuration)' == '' ">Debug</Configuration>
    <Platform Condition=" '$(Platform)' == '' ">AnyCPU</Platform>
    <DCC_EnabledPackages>true</DCC_EnabledPackages>
    <DCC_UsePackage>vcl;rtl</DCC_UsePackage>
    <DCC_DCCCompiler>DCC32</DCC_DCCCompiler>
    <DCC_DependencyCheckOutputName>..\..\..\..\SharpE\Services\TaskSwitch.dll</DCC_DependencyCheckOutputName>
  </PropertyGroup>
  <PropertyGroup Condition=" '$(Configuration)|$(Platform)' == 'Release|AnyCPU' ">
    <Version>7.0</Version>
    <DCC_DebugInformation>False</DCC_DebugInformation>
    <DCC_LocalDebugSymbols>False</DCC_LocalDebugSymbols>
    <DCC_SymbolReferenceInfo>0</DCC_SymbolReferenceInfo>
    <DCC_ExeOutput>..\..\..\..\SharpE\Services\</DCC_ExeOutput>
    <DCC_UnitSearchPath>..\..\..\Common\Libraries\SharpAPI;..\..\..\Common\Delphi Components\SharpE Skin Components;..\..\..\Common\3rd party\GR32 Addons;..\..\..\Common\Libraries\SharpThemeAPIEx;..\..\..\Common\Units\SharpGraphicsUtils;..\..\..\Common\Units\SharpIconUtils;..\..\..\Common\Units\SharpFileUtils;..\..\..\Common\Units\SharpTypes;..\..\..\Common\Interfaces;..\..\..\Common\Units\DebugDialog;..\..\..\Common\Units\XML;..\..\..\Common\Units\SystemFuncs</DCC_UnitSearchPath>
    <DCC_ResourcePath>..\..\..\Common\Libraries\SharpAPI;..\..\..\Common\Delphi Components\SharpE Skin Components;..\..\..\Common\3rd party\GR32 Addons;..\..\..\Common\Libraries\SharpThemeAPIEx;..\..\..\Common\Units\SharpGraphicsUtils;..\..\..\Common\Units\SharpIconUtils;..\..\..\Common\Units\SharpFileUtils;..\..\..\Common\Units\SharpTypes;..\..\..\Common\Interfaces;..\..\..\Common\Units\DebugDialog;..\..\..\Common\Units\XML;..\..\..\Common\Units\SystemFuncs</DCC_ResourcePath>
    <DCC_ObjPath>..\..\..\Common\Libraries\SharpAPI;..\..\..\Common\Delphi Components\SharpE Skin Components;..\..\..\Common\3rd party\GR32 Addons;..\..\..\Common\Libraries\SharpThemeAPIEx;..\..\..\Common\Units\SharpGraphicsUtils;..\..\..\Common\Units\SharpIconUtils;..\..\..\Common\Units\SharpFileUtils;..\..\..\Common\Units\SharpTypes;..\..\..\Common\Interfaces;..\..\..\Common\Units\DebugDialog;..\..\..\Common\Units\XML;..\..\..\Common\Units\SystemFuncs</DCC_ObjPath>
    <DCC_IncludePath>..\..\..\Common\Libraries\SharpAPI;..\..\..\Common\Delphi Components\SharpE Skin Components;..\..\..\Common\3rd party\GR32 Addons;..\..\..\Common\Libraries\SharpThemeAPIEx;..\..\..\Common\Units\SharpGraphicsUtils;..\..\..\Common\Units\SharpIconUtils;..\..\..\Common\Units\SharpFileUtils;..\..\..\Common\Units\SharpTypes;..\..\..\Common\Interfaces;..\..\..\Common\Units\DebugDialog;..\..\..\Common\Units\XML;..\..\..\Common\Units\SystemFuncs</DCC_IncludePath>
    <DCC_Define>RELEASE</DCC_Define>
  </PropertyGroup>
  <PropertyGroup Condition=" '$(Configuration)|$(Platform)' == 'Debug|AnyCPU' ">
    <Version>7.0</Version>
    <DCC_ExeOutput>..\..\..\..\SharpE\Services\</DCC_ExeOutput>
    <DCC_UnitSearchPath>..\..\..\Common\Libraries\SharpAPI;..\..\..\Common\Delphi Components\SharpE Skin Components;..\..\..\Common\3rd party\GR32 Addons;..\..\..\Common\Libraries\SharpThemeAPIEx;..\..\..\Common\Units\SharpGraphicsUtils;..\..\..\Common\Units\SharpIconUtils;..\..\..\Common\Units\SharpFileUtils;..\..\..\Common\Units\SharpTypes;..\..\..\Common\Interfaces;..\..\..\Common\Units\DebugDialog;..\..\..\Common\Units\XML;..\..\..\Common\Units\SystemFuncs</DCC_UnitSearchPath>
    <DCC_ResourcePath>..\..\..\Common\Libraries\SharpAPI;..\..\..\Common\Delphi Components\SharpE Skin Components;..\..\..\Common\3rd party\GR32 Addons;..\..\..\Common\Libraries\SharpThemeAPIEx;..\..\..\Common\Units\SharpGraphicsUtils;..\..\..\Common\Units\SharpIconUtils;..\..\..\Common\Units\SharpFileUtils;..\..\..\Common\Units\SharpTypes;..\..\..\Common\Interfaces;..\..\..\Common\Units\DebugDialog;..\..\..\Common\Units\XML;..\..\..\Common\Units\SystemFuncs</DCC_ResourcePath>
    <DCC_ObjPath>..\..\..\Common\Libraries\SharpAPI;..\..\..\Common\Delphi Components\SharpE Skin Components;..\..\..\Common\3rd party\GR32 Addons;..\..\..\Common\Libraries\SharpThemeAPIEx;..\..\..\Common\Units\SharpGraphicsUtils;..\..\..\Common\Units\SharpIconUtils;..\..\..\Common\Units\SharpFileUtils;..\..\..\Common\Units\SharpTypes;..\..\..\Common\Interfaces;..\..\..\Common\Units\DebugDialog;..\..\..\Common\Units\XML;..\..\..\Common\Units\SystemFuncs</DCC_ObjPath>
    <DCC_IncludePath>..\..\..\Common\Libraries\SharpAPI;..\..\..\Common\Delphi Components\SharpE Skin Components;..\..\..\Common\3rd party\GR32 Addons;..\..\..\Common\Libraries\SharpThemeAPIEx;..\..\..\Common\Units\SharpGraphicsUtils;..\..\..\Common\Units\SharpIconUtils;..\..\..\Common\Units\SharpFileUtils;..\..\..\Common\Units\SharpTypes;..\..\..\Common\Interfaces;..\..\..\Common\Units\DebugDialog;..\..\..\Common\Units\XML;..\..\..\Common\Units\SystemFuncs</DCC_IncludePath>
    <DCC_Define>DEBUG</DCC_Define>
    <DCC_MapFile>3</DCC_MapFile>
  </PropertyGroup>
  <ProjectExtensions>
    <Borland.Personality>Delphi.Personality</Borland.Personality>
    <Borland.ProjectType />
    <BorlandProject>
<BorlandProject><Delphi.Personality><Parameters><Parameters Name="RunParams">-ext .ser</Parameters><Parameters Name="HostApplication">..\..\..\..\SharpE\SharpCore</Parameters><Parameters Name="UseLauncher">False</Parameters><Parameters Name="LoadAllSymbols">True</Parameters><Parameters Name="LoadUnspecifiedSymbols">False</Parameters></Parameters><VersionInfo><VersionInfo Name="IncludeVerInfo">True</VersionInfo><VersionInfo Name="AutoIncBuild">False</VersionInfo><VersionInfo Name="MajorVer">0</VersionInfo><VersionInfo Name="MinorVer">7</VersionInfo><VersionInfo Name="Release">0</VersionInfo><VersionInfo Name="Build">0</VersionInfo><VersionInfo Name="Debug">False</VersionInfo><VersionInfo Name="PreRelease">False</VersionInfo><VersionInfo Name="Special">False</VersionInfo><VersionInfo Name="Private">False</VersionInfo><VersionInfo Name="DLL">False</VersionInfo><VersionInfo Name="Locale">1033</VersionInfo><VersionInfo Name="CodePage">1252</VersionInfo></VersionInfo><VersionInfoKeys><VersionInfoKeys Name="CompanyName"></VersionInfoKeys><VersionInfoKeys Name="FileDescription">Template Service</VersionInfoKeys><VersionInfoKeys Name="FileVersion">0.7.0.0</VersionInfoKeys><VersionInfoKeys Name="InternalName">Template Service</VersionInfoKeys><VersionInfoKeys Name="LegalCopyright">SharpE Development Team</VersionInfoKeys><VersionInfoKeys Name="LegalTrademarks"></VersionInfoKeys><VersionInfoKeys Name="OriginalFilename">TemplateService.service</VersionInfoKeys><VersionInfoKeys Name="ProductName"></VersionInfoKeys><VersionInfoKeys Name="ProductVersion">0.7.0.0</VersionInfoKeys><VersionInfoKeys Name="Comments"></VersionInfoKeys></VersionInfoKeys><Excluded_Packages>
      
      <Excluded_Packages Name="C:\Users\Lee Green\Documents\Borland Studio Projects\Bpl\B305vd70.bpl">TurboPower Abbrevia 3.05 Design-time package - VCL70</Excluded_Packages>
    </Excluded_Packages><Source><Source Name="MainSource">TaskSwitch.DPR</Source></Source></Delphi.Personality></BorlandProject></BorlandProject>
  </ProjectExtensions>
  <Import Project="$(MSBuildBinPath)\Borland.Delphi.Targets" />
  <PropertyGroup>
    <PreBuildEvent>del "res\TaskSwitchIcon.res"
brcc32 -v "res\TaskSwitchIcon.rc"</PreBuildEvent>
    <PostBuildEvent>if $(Configuration)==Debug "..\..\..\Common\3rd party\Jedi\MakeJclDbg.exe" -E "$(OUTPUTDIR)$(OUTPUTNAME).map"
if $(Configuration)==Debug del "$(OUTPUTDIR)$(OUTPUTNAME).map"</PostBuildEvent>
  </PropertyGroup>
  <ItemGroup>
    <DelphiCompile Include="TaskSwitch.DPR">
      <MainSource>MainSource</MainSource>
    </DelphiCompile>
    <DCCReference Include="..\..\..\Common\Units\DebugDialog\DebugDialog.pas" />
    <DCCReference Include="..\..\..\Common\Units\TaskFilterList\SWCmdList.pas" />
    <DCCReference Include="..\..\..\Common\Units\TaskFilterList\TaskFilterList.pas" />
    <DCCReference Include="..\Shell\uTaskItem.pas" />
    <DCCReference Include="..\Shell\uTaskManager.pas" />
    <DCCReference Include="Forms\uTaskSwitchWnd.pas">
      <Form>TaskSwitchWnd</Form>
    </DCCReference>
    <DCCReference Include="uTaskSwitchGUI.pas" />
  </ItemGroup>
</Project>